
Microsoft Visual Studio Solution File, Format Version 12.00
# Visual Studio Version 17
Project("{2150E333-8FDC-42A3-9474-1A3956D46DE8}") = "CMakePredefinedTargets", "CMakePredefinedTargets", "{D811382F-4871-3793-91F9-60E857D3E52A}"
EndProject
Project("{2150E333-8FDC-42A3-9474-1A3956D46DE8}") = "DiligentCore", "DiligentCore", "{9D98AE7D-7C4C-3867-B198-6E486E0E7C6D}"
EndProject
Project("{2150E333-8FDC-42A3-9474-1A3956D46DE8}") = "Graphics", "DiligentCore\Graphics", "{3D122918-CE0A-3E1D-9DD0-A8B9E7C0C1E0}"
EndProject
Project("{2150E333-8FDC-42A3-9474-1A3956D46DE8}") = "Platforms", "DiligentCore\Platforms", "{C9878FA3-393F-367A-8706-339B2C00779A}"
EndProject
Project("{2150E333-8FDC-42A3-9474-1A3956D46DE8}") = "ThirdParty", "DiligentCore\ThirdParty", "{E7A1036D-D780-3CFC-81A9-6F1C77AEB47C}"
EndProject
Project("{2150E333-8FDC-42A3-9474-1A3956D46DE8}") = "SPIRV-Cross", "DiligentCore\ThirdParty\SPIRV-Cross", "{50E13EE5-A35A-39E2-A2DA-C65A312AA80F}"
EndProject
Project("{2150E333-8FDC-42A3-9474-1A3956D46DE8}") = "SPIRV-Tools", "DiligentCore\ThirdParty\SPIRV-Tools", "{662BECD3-8A8F-3A0E-90F4-5DEB2DD438E4}"
EndProject
Project("{2150E333-8FDC-42A3-9474-1A3956D46DE8}") = "SPIRV-Tools build", "DiligentCore\ThirdParty\SPIRV-Tools\SPIRV-Tools build", "{FDDFE334-3215-374D-81C7-2D5926803013}"
EndProject
Project("{2150E333-8FDC-42A3-9474-1A3956D46DE8}") = "SPIRV-Tools libraries", "DiligentCore\ThirdParty\SPIRV-Tools\SPIRV-Tools libraries", "{71372C30-823F-35F9-8672-A2F6A656041D}"
EndProject
Project("{2150E333-8FDC-42A3-9474-1A3956D46DE8}") = "glslang", "DiligentCore\ThirdParty\glslang", "{C7F15F31-C010-35CE-ABD4-5D98AFA054F5}"
EndProject
Project("{2150E333-8FDC-42A3-9474-1A3956D46DE8}") = "glslang", "DiligentCore\ThirdParty\glslang\glslang", "{4FC26C65-7E80-3706-9777-1DCC52095C54}"
EndProject
Project("{2150E333-8FDC-42A3-9474-1A3956D46DE8}") = "xxHash", "DiligentCore\ThirdParty\xxHash", "{896DDD24-177E-325D-ACF6-BB6CB7020711}"
EndProject
Project("{2150E333-8FDC-42A3-9474-1A3956D46DE8}") = "DiligentSamples", "DiligentSamples", "{9D31764B-EDBF-3A80-9104-1B93F53CED61}"
EndProject
Project("{2150E333-8FDC-42A3-9474-1A3956D46DE8}") = "Tutorials", "DiligentSamples\Tutorials", "{B06E3155-8BDD-3167-A3BC-16AB5E46C1DA}"
EndProject
Project("{2150E333-8FDC-42A3-9474-1A3956D46DE8}") = "DiligentTools", "DiligentTools", "{F7D8E832-A51C-32F5-A739-EE38A946022F}"
EndProject
Project("{2150E333-8FDC-42A3-9474-1A3956D46DE8}") = "ThirdParty", "DiligentTools\ThirdParty", "{7C45497F-F23A-3F31-A96C-1AC6C74A4646}"
EndProject
Project("{2150E333-8FDC-42A3-9474-1A3956D46DE8}") = "png", "DiligentTools\ThirdParty\png", "{600E2F21-E440-36A5-B6CD-7DD1CF151375}"
EndProject
Project("{8BC9CEB8-8B4A-11D0-8D11-00A0C91BC942}") = "ALL_BUILD", "ALL_BUILD.vcxproj", "{9A4E2483-0A62-319F-93AF-EE510D0FE8D2}"
	ProjectSection(ProjectDependencies) = postProject
		{6F3CE102-2297-3C00-8141-F4B7BC42738F} = {6F3CE102-2297-3C00-8141-F4B7BC42738F}
		{F14821E8-B211-3A1D-B44D-EF801F68BF4A} = {F14821E8-B211-3A1D-B44D-EF801F68BF4A}
	EndProjectSection
EndProject
Project("{8BC9CEB8-8B4A-11D0-8D11-00A0C91BC942}") = "Diligent-Archiver-shared", "..\..\..\DiligentCore\Graphics\Archiver\Diligent-Archiver-shared.vcxproj", "{83D9F7DD-BF2B-37BA-BD43-D153080679D7}"
	ProjectSection(ProjectDependencies) = postProject
		{200BF690-54D2-3238-AA08-28665983860F} = {200BF690-54D2-3238-AA08-28665983860F}
		{1AD83B78-796E-3940-9105-B75DBB7B587C} = {1AD83B78-796E-3940-9105-B75DBB7B587C}
		{5BFDBBE6-8370-3DEA-8BE7-2BA370B689F3} = {5BFDBBE6-8370-3DEA-8BE7-2BA370B689F3}
		{A52CACAE-514B-3B09-A4CB-3DBF88D94DB4} = {A52CACAE-514B-3B09-A4CB-3DBF88D94DB4}
		{4E9268B2-4788-333B-BBBB-07950C559D88} = {4E9268B2-4788-333B-BBBB-07950C559D88}
		{4E8B72A6-D727-3B4D-B6B3-391F0C30CC95} = {4E8B72A6-D727-3B4D-B6B3-391F0C30CC95}
		{0D52D3CA-83D2-3582-B1CF-04CE0D064925} = {0D52D3CA-83D2-3582-B1CF-04CE0D064925}
		{560DEED0-B7BE-3891-92BC-4445E776142C} = {560DEED0-B7BE-3891-92BC-4445E776142C}
		{BE33E22A-B08D-3ADC-B079-70329C5785F0} = {BE33E22A-B08D-3ADC-B079-70329C5785F0}
		{9509757D-6184-3E6D-A896-D30A48F7ED8F} = {9509757D-6184-3E6D-A896-D30A48F7ED8F}
		{E87E4A77-B44C-3190-8230-85DB8B4502A9} = {E87E4A77-B44C-3190-8230-85DB8B4502A9}
		{83E205D0-DD7A-37E8-9BC1-0B486360D56A} = {83E205D0-DD7A-37E8-9BC1-0B486360D56A}
		{50F86D64-723A-3573-815D-6BE7770E36BB} = {50F86D64-723A-3573-815D-6BE7770E36BB}
		{F1EA1B2B-8D46-3DAF-AE25-C4308D6107E6} = {F1EA1B2B-8D46-3DAF-AE25-C4308D6107E6}
		{F14821E8-B211-3A1D-B44D-EF801F68BF4A} = {F14821E8-B211-3A1D-B44D-EF801F68BF4A}
		{5C043A80-8CDB-3DB1-B832-0810888EFDBC} = {5C043A80-8CDB-3DB1-B832-0810888EFDBC}
		{E0C684E0-F281-3BF5-B141-B9B0F27FF5B8} = {E0C684E0-F281-3BF5-B141-B9B0F27FF5B8}
		{A8A0C520-0F61-35FD-ABB7-D77BC2F28AE6} = {A8A0C520-0F61-35FD-ABB7-D77BC2F28AE6}
		{395991E1-7C65-3E6A-A5A8-6876C29CBAD9} = {395991E1-7C65-3E6A-A5A8-6876C29CBAD9}
	EndProjectSection
EndProject
Project("{8BC9CEB8-8B4A-11D0-8D11-00A0C91BC942}") = "Diligent-Archiver-static", "..\..\..\DiligentCore\Graphics\Archiver\Diligent-Archiver-static.vcxproj", "{200BF690-54D2-3238-AA08-28665983860F}"
	ProjectSection(ProjectDependencies) = postProject
		{1AD83B78-796E-3940-9105-B75DBB7B587C} = {1AD83B78-796E-3940-9105-B75DBB7B587C}
		{5BFDBBE6-8370-3DEA-8BE7-2BA370B689F3} = {5BFDBBE6-8370-3DEA-8BE7-2BA370B689F3}
		{A52CACAE-514B-3B09-A4CB-3DBF88D94DB4} = {A52CACAE-514B-3B09-A4CB-3DBF88D94DB4}
		{4E9268B2-4788-333B-BBBB-07950C559D88} = {4E9268B2-4788-333B-BBBB-07950C559D88}
		{4E8B72A6-D727-3B4D-B6B3-391F0C30CC95} = {4E8B72A6-D727-3B4D-B6B3-391F0C30CC95}
		{0D52D3CA-83D2-3582-B1CF-04CE0D064925} = {0D52D3CA-83D2-3582-B1CF-04CE0D064925}
		{560DEED0-B7BE-3891-92BC-4445E776142C} = {560DEED0-B7BE-3891-92BC-4445E776142C}
		{BE33E22A-B08D-3ADC-B079-70329C5785F0} = {BE33E22A-B08D-3ADC-B079-70329C5785F0}
		{9509757D-6184-3E6D-A896-D30A48F7ED8F} = {9509757D-6184-3E6D-A896-D30A48F7ED8F}
		{E87E4A77-B44C-3190-8230-85DB8B4502A9} = {E87E4A77-B44C-3190-8230-85DB8B4502A9}
		{83E205D0-DD7A-37E8-9BC1-0B486360D56A} = {83E205D0-DD7A-37E8-9BC1-0B486360D56A}
		{50F86D64-723A-3573-815D-6BE7770E36BB} = {50F86D64-723A-3573-815D-6BE7770E36BB}
		{F1EA1B2B-8D46-3DAF-AE25-C4308D6107E6} = {F1EA1B2B-8D46-3DAF-AE25-C4308D6107E6}
		{F14821E8-B211-3A1D-B44D-EF801F68BF4A} = {F14821E8-B211-3A1D-B44D-EF801F68BF4A}
		{5C043A80-8CDB-3DB1-B832-0810888EFDBC} = {5C043A80-8CDB-3DB1-B832-0810888EFDBC}
		{E0C684E0-F281-3BF5-B141-B9B0F27FF5B8} = {E0C684E0-F281-3BF5-B141-B9B0F27FF5B8}
		{A8A0C520-0F61-35FD-ABB7-D77BC2F28AE6} = {A8A0C520-0F61-35FD-ABB7-D77BC2F28AE6}
		{395991E1-7C65-3E6A-A5A8-6876C29CBAD9} = {395991E1-7C65-3E6A-A5A8-6876C29CBAD9}
	EndProjectSection
EndProject
Project("{8BC9CEB8-8B4A-11D0-8D11-00A0C91BC942}") = "Diligent-BasicPlatform", "..\..\..\DiligentCore\Platforms\Basic\Diligent-BasicPlatform.vcxproj", "{1AD83B78-796E-3940-9105-B75DBB7B587C}"
	ProjectSection(ProjectDependencies) = postProject
		{9509757D-6184-3E6D-A896-D30A48F7ED8F} = {9509757D-6184-3E6D-A896-D30A48F7ED8F}
		{F14821E8-B211-3A1D-B44D-EF801F68BF4A} = {F14821E8-B211-3A1D-B44D-EF801F68BF4A}
	EndProjectSection
EndProject
Project("{8BC9CEB8-8B4A-11D0-8D11-00A0C91BC942}") = "Diligent-Common", "..\..\..\DiligentCore\Common\Diligent-Common.vcxproj", "{5BFDBBE6-8370-3DEA-8BE7-2BA370B689F3}"
	ProjectSection(ProjectDependencies) = postProject
		{1AD83B78-796E-3940-9105-B75DBB7B587C} = {1AD83B78-796E-3940-9105-B75DBB7B587C}
		{9509757D-6184-3E6D-A896-D30A48F7ED8F} = {9509757D-6184-3E6D-A896-D30A48F7ED8F}
		{E87E4A77-B44C-3190-8230-85DB8B4502A9} = {E87E4A77-B44C-3190-8230-85DB8B4502A9}
		{F14821E8-B211-3A1D-B44D-EF801F68BF4A} = {F14821E8-B211-3A1D-B44D-EF801F68BF4A}
	EndProjectSection
EndProject
Project("{8BC9CEB8-8B4A-11D0-8D11-00A0C91BC942}") = "Diligent-GraphicsAccessories", "..\..\..\DiligentCore\Graphics\GraphicsAccessories\Diligent-GraphicsAccessories.vcxproj", "{A52CACAE-514B-3B09-A4CB-3DBF88D94DB4}"
	ProjectSection(ProjectDependencies) = postProject
		{1AD83B78-796E-3940-9105-B75DBB7B587C} = {1AD83B78-796E-3940-9105-B75DBB7B587C}
		{5BFDBBE6-8370-3DEA-8BE7-2BA370B689F3} = {5BFDBBE6-8370-3DEA-8BE7-2BA370B689F3}
		{9509757D-6184-3E6D-A896-D30A48F7ED8F} = {9509757D-6184-3E6D-A896-D30A48F7ED8F}
		{E87E4A77-B44C-3190-8230-85DB8B4502A9} = {E87E4A77-B44C-3190-8230-85DB8B4502A9}
		{F14821E8-B211-3A1D-B44D-EF801F68BF4A} = {F14821E8-B211-3A1D-B44D-EF801F68BF4A}
	EndProjectSection
EndProject
Project("{8BC9CEB8-8B4A-11D0-8D11-00A0C91BC942}") = "Diligent-GraphicsEngine", "..\..\..\DiligentCore\Graphics\GraphicsEngine\Diligent-GraphicsEngine.vcxproj", "{4E9268B2-4788-333B-BBBB-07950C559D88}"
	ProjectSection(ProjectDependencies) = postProject
		{1AD83B78-796E-3940-9105-B75DBB7B587C} = {1AD83B78-796E-3940-9105-B75DBB7B587C}
		{5BFDBBE6-8370-3DEA-8BE7-2BA370B689F3} = {5BFDBBE6-8370-3DEA-8BE7-2BA370B689F3}
		{A52CACAE-514B-3B09-A4CB-3DBF88D94DB4} = {A52CACAE-514B-3B09-A4CB-3DBF88D94DB4}
		{9509757D-6184-3E6D-A896-D30A48F7ED8F} = {9509757D-6184-3E6D-A896-D30A48F7ED8F}
		{E87E4A77-B44C-3190-8230-85DB8B4502A9} = {E87E4A77-B44C-3190-8230-85DB8B4502A9}
		{F14821E8-B211-3A1D-B44D-EF801F68BF4A} = {F14821E8-B211-3A1D-B44D-EF801F68BF4A}
	EndProjectSection
EndProject
Project("{8BC9CEB8-8B4A-11D0-8D11-00A0C91BC942}") = "Diligent-GraphicsEngineNextGenBase", "..\..\..\DiligentCore\Graphics\GraphicsEngineNextGenBase\Diligent-GraphicsEngineNextGenBase.vcxproj", "{4E8B72A6-D727-3B4D-B6B3-391F0C30CC95}"
	ProjectSection(ProjectDependencies) = postProject
		{1AD83B78-796E-3940-9105-B75DBB7B587C} = {1AD83B78-796E-3940-9105-B75DBB7B587C}
		{5BFDBBE6-8370-3DEA-8BE7-2BA370B689F3} = {5BFDBBE6-8370-3DEA-8BE7-2BA370B689F3}
		{A52CACAE-514B-3B09-A4CB-3DBF88D94DB4} = {A52CACAE-514B-3B09-A4CB-3DBF88D94DB4}
		{4E9268B2-4788-333B-BBBB-07950C559D88} = {4E9268B2-4788-333B-BBBB-07950C559D88}
		{9509757D-6184-3E6D-A896-D30A48F7ED8F} = {9509757D-6184-3E6D-A896-D30A48F7ED8F}
		{E87E4A77-B44C-3190-8230-85DB8B4502A9} = {E87E4A77-B44C-3190-8230-85DB8B4502A9}
		{F14821E8-B211-3A1D-B44D-EF801F68BF4A} = {F14821E8-B211-3A1D-B44D-EF801F68BF4A}
	EndProjectSection
EndProject
Project("{8BC9CEB8-8B4A-11D0-8D11-00A0C91BC942}") = "Diligent-GraphicsEngineOpenGL-shared", "..\..\..\DiligentCore\Graphics\GraphicsEngineOpenGL\Diligent-GraphicsEngineOpenGL-shared.vcxproj", "{25D7974F-63BF-3F96-9AED-F727130DCACC}"
	ProjectSection(ProjectDependencies) = postProject
		{1AD83B78-796E-3940-9105-B75DBB7B587C} = {1AD83B78-796E-3940-9105-B75DBB7B587C}
		{5BFDBBE6-8370-3DEA-8BE7-2BA370B689F3} = {5BFDBBE6-8370-3DEA-8BE7-2BA370B689F3}
		{A52CACAE-514B-3B09-A4CB-3DBF88D94DB4} = {A52CACAE-514B-3B09-A4CB-3DBF88D94DB4}
		{4E9268B2-4788-333B-BBBB-07950C559D88} = {4E9268B2-4788-333B-BBBB-07950C559D88}
		{0D52D3CA-83D2-3582-B1CF-04CE0D064925} = {0D52D3CA-83D2-3582-B1CF-04CE0D064925}
		{BE33E22A-B08D-3ADC-B079-70329C5785F0} = {BE33E22A-B08D-3ADC-B079-70329C5785F0}
		{9509757D-6184-3E6D-A896-D30A48F7ED8F} = {9509757D-6184-3E6D-A896-D30A48F7ED8F}
		{E87E4A77-B44C-3190-8230-85DB8B4502A9} = {E87E4A77-B44C-3190-8230-85DB8B4502A9}
		{83E205D0-DD7A-37E8-9BC1-0B486360D56A} = {83E205D0-DD7A-37E8-9BC1-0B486360D56A}
		{50F86D64-723A-3573-815D-6BE7770E36BB} = {50F86D64-723A-3573-815D-6BE7770E36BB}
		{F1EA1B2B-8D46-3DAF-AE25-C4308D6107E6} = {F1EA1B2B-8D46-3DAF-AE25-C4308D6107E6}
		{F14821E8-B211-3A1D-B44D-EF801F68BF4A} = {F14821E8-B211-3A1D-B44D-EF801F68BF4A}
		{5C043A80-8CDB-3DB1-B832-0810888EFDBC} = {5C043A80-8CDB-3DB1-B832-0810888EFDBC}
		{E0C684E0-F281-3BF5-B141-B9B0F27FF5B8} = {E0C684E0-F281-3BF5-B141-B9B0F27FF5B8}
		{A8A0C520-0F61-35FD-ABB7-D77BC2F28AE6} = {A8A0C520-0F61-35FD-ABB7-D77BC2F28AE6}
	EndProjectSection
EndProject
Project("{8BC9CEB8-8B4A-11D0-8D11-00A0C91BC942}") = "Diligent-GraphicsEngineOpenGL-static", "..\..\..\DiligentCore\Graphics\GraphicsEngineOpenGL\Diligent-GraphicsEngineOpenGL-static.vcxproj", "{0D52D3CA-83D2-3582-B1CF-04CE0D064925}"
	ProjectSection(ProjectDependencies) = postProject
		{1AD83B78-796E-3940-9105-B75DBB7B587C} = {1AD83B78-796E-3940-9105-B75DBB7B587C}
		{5BFDBBE6-8370-3DEA-8BE7-2BA370B689F3} = {5BFDBBE6-8370-3DEA-8BE7-2BA370B689F3}
		{A52CACAE-514B-3B09-A4CB-3DBF88D94DB4} = {A52CACAE-514B-3B09-A4CB-3DBF88D94DB4}
		{4E9268B2-4788-333B-BBBB-07950C559D88} = {4E9268B2-4788-333B-BBBB-07950C559D88}
		{BE33E22A-B08D-3ADC-B079-70329C5785F0} = {BE33E22A-B08D-3ADC-B079-70329C5785F0}
		{9509757D-6184-3E6D-A896-D30A48F7ED8F} = {9509757D-6184-3E6D-A896-D30A48F7ED8F}
		{E87E4A77-B44C-3190-8230-85DB8B4502A9} = {E87E4A77-B44C-3190-8230-85DB8B4502A9}
		{83E205D0-DD7A-37E8-9BC1-0B486360D56A} = {83E205D0-DD7A-37E8-9BC1-0B486360D56A}
		{50F86D64-723A-3573-815D-6BE7770E36BB} = {50F86D64-723A-3573-815D-6BE7770E36BB}
		{F1EA1B2B-8D46-3DAF-AE25-C4308D6107E6} = {F1EA1B2B-8D46-3DAF-AE25-C4308D6107E6}
		{F14821E8-B211-3A1D-B44D-EF801F68BF4A} = {F14821E8-B211-3A1D-B44D-EF801F68BF4A}
		{5C043A80-8CDB-3DB1-B832-0810888EFDBC} = {5C043A80-8CDB-3DB1-B832-0810888EFDBC}
		{E0C684E0-F281-3BF5-B141-B9B0F27FF5B8} = {E0C684E0-F281-3BF5-B141-B9B0F27FF5B8}
		{A8A0C520-0F61-35FD-ABB7-D77BC2F28AE6} = {A8A0C520-0F61-35FD-ABB7-D77BC2F28AE6}
	EndProjectSection
EndProject
Project("{8BC9CEB8-8B4A-11D0-8D11-00A0C91BC942}") = "Diligent-GraphicsEngineVk-shared", "..\..\..\DiligentCore\Graphics\GraphicsEngineVulkan\Diligent-GraphicsEngineVk-shared.vcxproj", "{58363145-24B9-394F-BD7E-FD74080C5C6B}"
	ProjectSection(ProjectDependencies) = postProject
		{1AD83B78-796E-3940-9105-B75DBB7B587C} = {1AD83B78-796E-3940-9105-B75DBB7B587C}
		{5BFDBBE6-8370-3DEA-8BE7-2BA370B689F3} = {5BFDBBE6-8370-3DEA-8BE7-2BA370B689F3}
		{A52CACAE-514B-3B09-A4CB-3DBF88D94DB4} = {A52CACAE-514B-3B09-A4CB-3DBF88D94DB4}
		{4E9268B2-4788-333B-BBBB-07950C559D88} = {4E9268B2-4788-333B-BBBB-07950C559D88}
		{4E8B72A6-D727-3B4D-B6B3-391F0C30CC95} = {4E8B72A6-D727-3B4D-B6B3-391F0C30CC95}
		{560DEED0-B7BE-3891-92BC-4445E776142C} = {560DEED0-B7BE-3891-92BC-4445E776142C}
		{BE33E22A-B08D-3ADC-B079-70329C5785F0} = {BE33E22A-B08D-3ADC-B079-70329C5785F0}
		{9509757D-6184-3E6D-A896-D30A48F7ED8F} = {9509757D-6184-3E6D-A896-D30A48F7ED8F}
		{E87E4A77-B44C-3190-8230-85DB8B4502A9} = {E87E4A77-B44C-3190-8230-85DB8B4502A9}
		{83E205D0-DD7A-37E8-9BC1-0B486360D56A} = {83E205D0-DD7A-37E8-9BC1-0B486360D56A}
		{50F86D64-723A-3573-815D-6BE7770E36BB} = {50F86D64-723A-3573-815D-6BE7770E36BB}
		{F1EA1B2B-8D46-3DAF-AE25-C4308D6107E6} = {F1EA1B2B-8D46-3DAF-AE25-C4308D6107E6}
		{F14821E8-B211-3A1D-B44D-EF801F68BF4A} = {F14821E8-B211-3A1D-B44D-EF801F68BF4A}
		{E0C684E0-F281-3BF5-B141-B9B0F27FF5B8} = {E0C684E0-F281-3BF5-B141-B9B0F27FF5B8}
		{A8A0C520-0F61-35FD-ABB7-D77BC2F28AE6} = {A8A0C520-0F61-35FD-ABB7-D77BC2F28AE6}
	EndProjectSection
EndProject
Project("{8BC9CEB8-8B4A-11D0-8D11-00A0C91BC942}") = "Diligent-GraphicsEngineVk-static", "..\..\..\DiligentCore\Graphics\GraphicsEngineVulkan\Diligent-GraphicsEngineVk-static.vcxproj", "{560DEED0-B7BE-3891-92BC-4445E776142C}"
	ProjectSection(ProjectDependencies) = postProject
		{1AD83B78-796E-3940-9105-B75DBB7B587C} = {1AD83B78-796E-3940-9105-B75DBB7B587C}
		{5BFDBBE6-8370-3DEA-8BE7-2BA370B689F3} = {5BFDBBE6-8370-3DEA-8BE7-2BA370B689F3}
		{A52CACAE-514B-3B09-A4CB-3DBF88D94DB4} = {A52CACAE-514B-3B09-A4CB-3DBF88D94DB4}
		{4E9268B2-4788-333B-BBBB-07950C559D88} = {4E9268B2-4788-333B-BBBB-07950C559D88}
		{4E8B72A6-D727-3B4D-B6B3-391F0C30CC95} = {4E8B72A6-D727-3B4D-B6B3-391F0C30CC95}
		{BE33E22A-B08D-3ADC-B079-70329C5785F0} = {BE33E22A-B08D-3ADC-B079-70329C5785F0}
		{9509757D-6184-3E6D-A896-D30A48F7ED8F} = {9509757D-6184-3E6D-A896-D30A48F7ED8F}
		{E87E4A77-B44C-3190-8230-85DB8B4502A9} = {E87E4A77-B44C-3190-8230-85DB8B4502A9}
		{83E205D0-DD7A-37E8-9BC1-0B486360D56A} = {83E205D0-DD7A-37E8-9BC1-0B486360D56A}
		{50F86D64-723A-3573-815D-6BE7770E36BB} = {50F86D64-723A-3573-815D-6BE7770E36BB}
		{F1EA1B2B-8D46-3DAF-AE25-C4308D6107E6} = {F1EA1B2B-8D46-3DAF-AE25-C4308D6107E6}
		{F14821E8-B211-3A1D-B44D-EF801F68BF4A} = {F14821E8-B211-3A1D-B44D-EF801F68BF4A}
		{E0C684E0-F281-3BF5-B141-B9B0F27FF5B8} = {E0C684E0-F281-3BF5-B141-B9B0F27FF5B8}
		{A8A0C520-0F61-35FD-ABB7-D77BC2F28AE6} = {A8A0C520-0F61-35FD-ABB7-D77BC2F28AE6}
	EndProjectSection
EndProject
Project("{8BC9CEB8-8B4A-11D0-8D11-00A0C91BC942}") = "Diligent-GraphicsTools", "..\..\..\DiligentCore\Graphics\GraphicsTools\Diligent-GraphicsTools.vcxproj", "{C3482AC4-2FDD-32FA-A5CF-2CB7C0830C39}"
	ProjectSection(ProjectDependencies) = postProject
		{200BF690-54D2-3238-AA08-28665983860F} = {200BF690-54D2-3238-AA08-28665983860F}
		{1AD83B78-796E-3940-9105-B75DBB7B587C} = {1AD83B78-796E-3940-9105-B75DBB7B587C}
		{5BFDBBE6-8370-3DEA-8BE7-2BA370B689F3} = {5BFDBBE6-8370-3DEA-8BE7-2BA370B689F3}
		{A52CACAE-514B-3B09-A4CB-3DBF88D94DB4} = {A52CACAE-514B-3B09-A4CB-3DBF88D94DB4}
		{4E9268B2-4788-333B-BBBB-07950C559D88} = {4E9268B2-4788-333B-BBBB-07950C559D88}
		{4E8B72A6-D727-3B4D-B6B3-391F0C30CC95} = {4E8B72A6-D727-3B4D-B6B3-391F0C30CC95}
		{0D52D3CA-83D2-3582-B1CF-04CE0D064925} = {0D52D3CA-83D2-3582-B1CF-04CE0D064925}
		{560DEED0-B7BE-3891-92BC-4445E776142C} = {560DEED0-B7BE-3891-92BC-4445E776142C}
		{BE33E22A-B08D-3ADC-B079-70329C5785F0} = {BE33E22A-B08D-3ADC-B079-70329C5785F0}
		{9509757D-6184-3E6D-A896-D30A48F7ED8F} = {9509757D-6184-3E6D-A896-D30A48F7ED8F}
		{E87E4A77-B44C-3190-8230-85DB8B4502A9} = {E87E4A77-B44C-3190-8230-85DB8B4502A9}
		{83E205D0-DD7A-37E8-9BC1-0B486360D56A} = {83E205D0-DD7A-37E8-9BC1-0B486360D56A}
		{50F86D64-723A-3573-815D-6BE7770E36BB} = {50F86D64-723A-3573-815D-6BE7770E36BB}
		{F1EA1B2B-8D46-3DAF-AE25-C4308D6107E6} = {F1EA1B2B-8D46-3DAF-AE25-C4308D6107E6}
		{F14821E8-B211-3A1D-B44D-EF801F68BF4A} = {F14821E8-B211-3A1D-B44D-EF801F68BF4A}
		{5C043A80-8CDB-3DB1-B832-0810888EFDBC} = {5C043A80-8CDB-3DB1-B832-0810888EFDBC}
		{E0C684E0-F281-3BF5-B141-B9B0F27FF5B8} = {E0C684E0-F281-3BF5-B141-B9B0F27FF5B8}
		{A8A0C520-0F61-35FD-ABB7-D77BC2F28AE6} = {A8A0C520-0F61-35FD-ABB7-D77BC2F28AE6}
		{395991E1-7C65-3E6A-A5A8-6876C29CBAD9} = {395991E1-7C65-3E6A-A5A8-6876C29CBAD9}
		{5A20C25B-0C72-3493-85A4-69395049811B} = {5A20C25B-0C72-3493-85A4-69395049811B}
	EndProjectSection
EndProject
Project("{8BC9CEB8-8B4A-11D0-8D11-00A0C91BC942}") = "Diligent-HLSL2GLSLConverterLib", "..\..\..\DiligentCore\Graphics\HLSL2GLSLConverterLib\Diligent-HLSL2GLSLConverterLib.vcxproj", "{BE33E22A-B08D-3ADC-B079-70329C5785F0}"
	ProjectSection(ProjectDependencies) = postProject
		{94F5D148-D995-3A74-B31F-C33D29868AA3} = {94F5D148-D995-3A74-B31F-C33D29868AA3}
	EndProjectSection
EndProject
Project("{8BC9CEB8-8B4A-11D0-8D11-00A0C91BC942}") = "Diligent-Imgui", "..\..\..\DiligentTools\Imgui\Diligent-Imgui.vcxproj", "{09975378-01D9-3288-93A1-921A00CA2B6A}"
	ProjectSection(ProjectDependencies) = postProject
		{200BF690-54D2-3238-AA08-28665983860F} = {200BF690-54D2-3238-AA08-28665983860F}
		{1AD83B78-796E-3940-9105-B75DBB7B587C} = {1AD83B78-796E-3940-9105-B75DBB7B587C}
		{5BFDBBE6-8370-3DEA-8BE7-2BA370B689F3} = {5BFDBBE6-8370-3DEA-8BE7-2BA370B689F3}
		{A52CACAE-514B-3B09-A4CB-3DBF88D94DB4} = {A52CACAE-514B-3B09-A4CB-3DBF88D94DB4}
		{4E9268B2-4788-333B-BBBB-07950C559D88} = {4E9268B2-4788-333B-BBBB-07950C559D88}
		{4E8B72A6-D727-3B4D-B6B3-391F0C30CC95} = {4E8B72A6-D727-3B4D-B6B3-391F0C30CC95}
		{0D52D3CA-83D2-3582-B1CF-04CE0D064925} = {0D52D3CA-83D2-3582-B1CF-04CE0D064925}
		{560DEED0-B7BE-3891-92BC-4445E776142C} = {560DEED0-B7BE-3891-92BC-4445E776142C}
		{C3482AC4-2FDD-32FA-A5CF-2CB7C0830C39} = {C3482AC4-2FDD-32FA-A5CF-2CB7C0830C39}
		{BE33E22A-B08D-3ADC-B079-70329C5785F0} = {BE33E22A-B08D-3ADC-B079-70329C5785F0}
		{9509757D-6184-3E6D-A896-D30A48F7ED8F} = {9509757D-6184-3E6D-A896-D30A48F7ED8F}
		{E87E4A77-B44C-3190-8230-85DB8B4502A9} = {E87E4A77-B44C-3190-8230-85DB8B4502A9}
		{83E205D0-DD7A-37E8-9BC1-0B486360D56A} = {83E205D0-DD7A-37E8-9BC1-0B486360D56A}
		{50F86D64-723A-3573-815D-6BE7770E36BB} = {50F86D64-723A-3573-815D-6BE7770E36BB}
		{F1EA1B2B-8D46-3DAF-AE25-C4308D6107E6} = {F1EA1B2B-8D46-3DAF-AE25-C4308D6107E6}
		{F14821E8-B211-3A1D-B44D-EF801F68BF4A} = {F14821E8-B211-3A1D-B44D-EF801F68BF4A}
		{5C043A80-8CDB-3DB1-B832-0810888EFDBC} = {5C043A80-8CDB-3DB1-B832-0810888EFDBC}
		{E0C684E0-F281-3BF5-B141-B9B0F27FF5B8} = {E0C684E0-F281-3BF5-B141-B9B0F27FF5B8}
		{A8A0C520-0F61-35FD-ABB7-D77BC2F28AE6} = {A8A0C520-0F61-35FD-ABB7-D77BC2F28AE6}
		{395991E1-7C65-3E6A-A5A8-6876C29CBAD9} = {395991E1-7C65-3E6A-A5A8-6876C29CBAD9}
		{5A20C25B-0C72-3493-85A4-69395049811B} = {5A20C25B-0C72-3493-85A4-69395049811B}
	EndProjectSection
EndProject
Project("{8BC9CEB8-8B4A-11D0-8D11-00A0C91BC942}") = "Diligent-NativeAppBase", "..\..\..\DiligentTools\NativeApp\Diligent-NativeAppBase.vcxproj", "{D4A3055B-1E9B-38F1-8FA0-888355782AD7}"
	ProjectSection(ProjectDependencies) = postProject
		{1AD83B78-796E-3940-9105-B75DBB7B587C} = {1AD83B78-796E-3940-9105-B75DBB7B587C}
		{5BFDBBE6-8370-3DEA-8BE7-2BA370B689F3} = {5BFDBBE6-8370-3DEA-8BE7-2BA370B689F3}
		{9509757D-6184-3E6D-A896-D30A48F7ED8F} = {9509757D-6184-3E6D-A896-D30A48F7ED8F}
		{E87E4A77-B44C-3190-8230-85DB8B4502A9} = {E87E4A77-B44C-3190-8230-85DB8B4502A9}
		{F14821E8-B211-3A1D-B44D-EF801F68BF4A} = {F14821E8-B211-3A1D-B44D-EF801F68BF4A}
	EndProjectSection
EndProject
Project("{8BC9CEB8-8B4A-11D0-8D11-00A0C91BC942}") = "Diligent-Primitives", "..\..\..\DiligentCore\Primitives\Diligent-Primitives.vcxproj", "{9509757D-6184-3E6D-A896-D30A48F7ED8F}"
	ProjectSection(ProjectDependencies) = postProject
		{F14821E8-B211-3A1D-B44D-EF801F68BF4A} = {F14821E8-B211-3A1D-B44D-EF801F68BF4A}
	EndProjectSection
EndProject
Project("{8BC9CEB8-8B4A-11D0-8D11-00A0C91BC942}") = "Diligent-SampleBase", "..\..\SampleBase\Diligent-SampleBase.vcxproj", "{52C9C28F-DBF3-3FD1-822E-8B57AE36F7C3}"
	ProjectSection(ProjectDependencies) = postProject
		{200BF690-54D2-3238-AA08-28665983860F} = {200BF690-54D2-3238-AA08-28665983860F}
		{1AD83B78-796E-3940-9105-B75DBB7B587C} = {1AD83B78-796E-3940-9105-B75DBB7B587C}
		{5BFDBBE6-8370-3DEA-8BE7-2BA370B689F3} = {5BFDBBE6-8370-3DEA-8BE7-2BA370B689F3}
		{A52CACAE-514B-3B09-A4CB-3DBF88D94DB4} = {A52CACAE-514B-3B09-A4CB-3DBF88D94DB4}
		{4E9268B2-4788-333B-BBBB-07950C559D88} = {4E9268B2-4788-333B-BBBB-07950C559D88}
		{4E8B72A6-D727-3B4D-B6B3-391F0C30CC95} = {4E8B72A6-D727-3B4D-B6B3-391F0C30CC95}
		{25D7974F-63BF-3F96-9AED-F727130DCACC} = {25D7974F-63BF-3F96-9AED-F727130DCACC}
		{0D52D3CA-83D2-3582-B1CF-04CE0D064925} = {0D52D3CA-83D2-3582-B1CF-04CE0D064925}
		{58363145-24B9-394F-BD7E-FD74080C5C6B} = {58363145-24B9-394F-BD7E-FD74080C5C6B}
		{560DEED0-B7BE-3891-92BC-4445E776142C} = {560DEED0-B7BE-3891-92BC-4445E776142C}
		{C3482AC4-2FDD-32FA-A5CF-2CB7C0830C39} = {C3482AC4-2FDD-32FA-A5CF-2CB7C0830C39}
		{BE33E22A-B08D-3ADC-B079-70329C5785F0} = {BE33E22A-B08D-3ADC-B079-70329C5785F0}
		{09975378-01D9-3288-93A1-921A00CA2B6A} = {09975378-01D9-3288-93A1-921A00CA2B6A}
		{D4A3055B-1E9B-38F1-8FA0-888355782AD7} = {D4A3055B-1E9B-38F1-8FA0-888355782AD7}
		{9509757D-6184-3E6D-A896-D30A48F7ED8F} = {9509757D-6184-3E6D-A896-D30A48F7ED8F}
		{265F2886-9D8B-30F2-88F8-22FEB3FA482A} = {265F2886-9D8B-30F2-88F8-22FEB3FA482A}
		{E87E4A77-B44C-3190-8230-85DB8B4502A9} = {E87E4A77-B44C-3190-8230-85DB8B4502A9}
		{999CA195-8018-37E0-962E-3A56DF960FE0} = {999CA195-8018-37E0-962E-3A56DF960FE0}
		{014E3808-397B-3192-809E-D5437B781EA1} = {014E3808-397B-3192-809E-D5437B781EA1}
		{83E205D0-DD7A-37E8-9BC1-0B486360D56A} = {83E205D0-DD7A-37E8-9BC1-0B486360D56A}
		{50F86D64-723A-3573-815D-6BE7770E36BB} = {50F86D64-723A-3573-815D-6BE7770E36BB}
		{F1EA1B2B-8D46-3DAF-AE25-C4308D6107E6} = {F1EA1B2B-8D46-3DAF-AE25-C4308D6107E6}
		{F14821E8-B211-3A1D-B44D-EF801F68BF4A} = {F14821E8-B211-3A1D-B44D-EF801F68BF4A}
		{259BF2E2-C830-36CF-80E1-1879A2AEBE9F} = {259BF2E2-C830-36CF-80E1-1879A2AEBE9F}
		{5C043A80-8CDB-3DB1-B832-0810888EFDBC} = {5C043A80-8CDB-3DB1-B832-0810888EFDBC}
		{E0C684E0-F281-3BF5-B141-B9B0F27FF5B8} = {E0C684E0-F281-3BF5-B141-B9B0F27FF5B8}
		{045BFBDF-4428-39B8-A2B9-07CA4CB69AFA} = {045BFBDF-4428-39B8-A2B9-07CA4CB69AFA}
		{A8A0C520-0F61-35FD-ABB7-D77BC2F28AE6} = {A8A0C520-0F61-35FD-ABB7-D77BC2F28AE6}
		{395991E1-7C65-3E6A-A5A8-6876C29CBAD9} = {395991E1-7C65-3E6A-A5A8-6876C29CBAD9}
		{5A20C25B-0C72-3493-85A4-69395049811B} = {5A20C25B-0C72-3493-85A4-69395049811B}
	EndProjectSection
EndProject
Project("{8BC9CEB8-8B4A-11D0-8D11-00A0C91BC942}") = "Diligent-ShaderTools", "..\..\..\DiligentCore\Graphics\ShaderTools\Diligent-ShaderTools.vcxproj", "{94F5D148-D995-3A74-B31F-C33D29868AA3}"
	ProjectSection(ProjectDependencies) = postProject
		{1AD83B78-796E-3940-9105-B75DBB7B587C} = {1AD83B78-796E-3940-9105-B75DBB7B587C}
		{5BFDBBE6-8370-3DEA-8BE7-2BA370B689F3} = {5BFDBBE6-8370-3DEA-8BE7-2BA370B689F3}
		{A52CACAE-514B-3B09-A4CB-3DBF88D94DB4} = {A52CACAE-514B-3B09-A4CB-3DBF88D94DB4}
		{4E9268B2-4788-333B-BBBB-07950C559D88} = {4E9268B2-4788-333B-BBBB-07950C559D88}
		{9509757D-6184-3E6D-A896-D30A48F7ED8F} = {9509757D-6184-3E6D-A896-D30A48F7ED8F}
		{E87E4A77-B44C-3190-8230-85DB8B4502A9} = {E87E4A77-B44C-3190-8230-85DB8B4502A9}
		{83E205D0-DD7A-37E8-9BC1-0B486360D56A} = {83E205D0-DD7A-37E8-9BC1-0B486360D56A}
		{50F86D64-723A-3573-815D-6BE7770E36BB} = {50F86D64-723A-3573-815D-6BE7770E36BB}
		{F1EA1B2B-8D46-3DAF-AE25-C4308D6107E6} = {F1EA1B2B-8D46-3DAF-AE25-C4308D6107E6}
		{F14821E8-B211-3A1D-B44D-EF801F68BF4A} = {F14821E8-B211-3A1D-B44D-EF801F68BF4A}
		{E0C684E0-F281-3BF5-B141-B9B0F27FF5B8} = {E0C684E0-F281-3BF5-B141-B9B0F27FF5B8}
		{A8A0C520-0F61-35FD-ABB7-D77BC2F28AE6} = {A8A0C520-0F61-35FD-ABB7-D77BC2F28AE6}
	EndProjectSection
EndProject
Project("{8BC9CEB8-8B4A-11D0-8D11-00A0C91BC942}") = "Diligent-TextureLoader", "..\..\..\DiligentTools\TextureLoader\Diligent-TextureLoader.vcxproj", "{265F2886-9D8B-30F2-88F8-22FEB3FA482A}"
	ProjectSection(ProjectDependencies) = postProject
		{200BF690-54D2-3238-AA08-28665983860F} = {200BF690-54D2-3238-AA08-28665983860F}
		{1AD83B78-796E-3940-9105-B75DBB7B587C} = {1AD83B78-796E-3940-9105-B75DBB7B587C}
		{5BFDBBE6-8370-3DEA-8BE7-2BA370B689F3} = {5BFDBBE6-8370-3DEA-8BE7-2BA370B689F3}
		{A52CACAE-514B-3B09-A4CB-3DBF88D94DB4} = {A52CACAE-514B-3B09-A4CB-3DBF88D94DB4}
		{4E9268B2-4788-333B-BBBB-07950C559D88} = {4E9268B2-4788-333B-BBBB-07950C559D88}
		{4E8B72A6-D727-3B4D-B6B3-391F0C30CC95} = {4E8B72A6-D727-3B4D-B6B3-391F0C30CC95}
		{0D52D3CA-83D2-3582-B1CF-04CE0D064925} = {0D52D3CA-83D2-3582-B1CF-04CE0D064925}
		{560DEED0-B7BE-3891-92BC-4445E776142C} = {560DEED0-B7BE-3891-92BC-4445E776142C}
		{C3482AC4-2FDD-32FA-A5CF-2CB7C0830C39} = {C3482AC4-2FDD-32FA-A5CF-2CB7C0830C39}
		{BE33E22A-B08D-3ADC-B079-70329C5785F0} = {BE33E22A-B08D-3ADC-B079-70329C5785F0}
		{9509757D-6184-3E6D-A896-D30A48F7ED8F} = {9509757D-6184-3E6D-A896-D30A48F7ED8F}
		{E87E4A77-B44C-3190-8230-85DB8B4502A9} = {E87E4A77-B44C-3190-8230-85DB8B4502A9}
		{999CA195-8018-37E0-962E-3A56DF960FE0} = {999CA195-8018-37E0-962E-3A56DF960FE0}
		{014E3808-397B-3192-809E-D5437B781EA1} = {014E3808-397B-3192-809E-D5437B781EA1}
		{83E205D0-DD7A-37E8-9BC1-0B486360D56A} = {83E205D0-DD7A-37E8-9BC1-0B486360D56A}
		{50F86D64-723A-3573-815D-6BE7770E36BB} = {50F86D64-723A-3573-815D-6BE7770E36BB}
		{F1EA1B2B-8D46-3DAF-AE25-C4308D6107E6} = {F1EA1B2B-8D46-3DAF-AE25-C4308D6107E6}
		{F14821E8-B211-3A1D-B44D-EF801F68BF4A} = {F14821E8-B211-3A1D-B44D-EF801F68BF4A}
		{259BF2E2-C830-36CF-80E1-1879A2AEBE9F} = {259BF2E2-C830-36CF-80E1-1879A2AEBE9F}
		{5C043A80-8CDB-3DB1-B832-0810888EFDBC} = {5C043A80-8CDB-3DB1-B832-0810888EFDBC}
		{E0C684E0-F281-3BF5-B141-B9B0F27FF5B8} = {E0C684E0-F281-3BF5-B141-B9B0F27FF5B8}
		{045BFBDF-4428-39B8-A2B9-07CA4CB69AFA} = {045BFBDF-4428-39B8-A2B9-07CA4CB69AFA}
		{A8A0C520-0F61-35FD-ABB7-D77BC2F28AE6} = {A8A0C520-0F61-35FD-ABB7-D77BC2F28AE6}
		{395991E1-7C65-3E6A-A5A8-6876C29CBAD9} = {395991E1-7C65-3E6A-A5A8-6876C29CBAD9}
		{5A20C25B-0C72-3493-85A4-69395049811B} = {5A20C25B-0C72-3493-85A4-69395049811B}
	EndProjectSection
EndProject
Project("{8BC9CEB8-8B4A-11D0-8D11-00A0C91BC942}") = "Diligent-Win32Platform", "..\..\..\DiligentCore\Platforms\Win32\Diligent-Win32Platform.vcxproj", "{E87E4A77-B44C-3190-8230-85DB8B4502A9}"
	ProjectSection(ProjectDependencies) = postProject
		{1AD83B78-796E-3940-9105-B75DBB7B587C} = {1AD83B78-796E-3940-9105-B75DBB7B587C}
		{9509757D-6184-3E6D-A896-D30A48F7ED8F} = {9509757D-6184-3E6D-A896-D30A48F7ED8F}
		{F14821E8-B211-3A1D-B44D-EF801F68BF4A} = {F14821E8-B211-3A1D-B44D-EF801F68BF4A}
	EndProjectSection
EndProject
Project("{8BC9CEB8-8B4A-11D0-8D11-00A0C91BC942}") = "INSTALL", "INSTALL.vcxproj", "{07D0FDAE-142C-3D80-94F6-B118C7883ADA}"
	ProjectSection(ProjectDependencies) = postProject
		{9A4E2483-0A62-319F-93AF-EE510D0FE8D2} = {9A4E2483-0A62-319F-93AF-EE510D0FE8D2}
		{F14821E8-B211-3A1D-B44D-EF801F68BF4A} = {F14821E8-B211-3A1D-B44D-EF801F68BF4A}
	EndProjectSection
EndProject
Project("{8BC9CEB8-8B4A-11D0-8D11-00A0C91BC942}") = "LibJpeg", "..\..\..\DiligentTools\ThirdParty\libjpeg-9e\LibJpeg.vcxproj", "{999CA195-8018-37E0-962E-3A56DF960FE0}"
	ProjectSection(ProjectDependencies) = postProject
		{F14821E8-B211-3A1D-B44D-EF801F68BF4A} = {F14821E8-B211-3A1D-B44D-EF801F68BF4A}
	EndProjectSection
EndProject
Project("{8BC9CEB8-8B4A-11D0-8D11-00A0C91BC942}") = "LibTiff", "..\..\..\DiligentTools\ThirdParty\libtiff\LibTiff.vcxproj", "{014E3808-397B-3192-809E-D5437B781EA1}"
	ProjectSection(ProjectDependencies) = postProject
		{F14821E8-B211-3A1D-B44D-EF801F68BF4A} = {F14821E8-B211-3A1D-B44D-EF801F68BF4A}
	EndProjectSection
EndProject
Project("{8BC9CEB8-8B4A-11D0-8D11-00A0C91BC942}") = "PACKAGE", "PACKAGE.vcxproj", "{C6BB63B1-B811-3E37-A51A-F9025E6E780D}"
	ProjectSection(ProjectDependencies) = postProject
		{9A4E2483-0A62-319F-93AF-EE510D0FE8D2} = {9A4E2483-0A62-319F-93AF-EE510D0FE8D2}
		{F14821E8-B211-3A1D-B44D-EF801F68BF4A} = {F14821E8-B211-3A1D-B44D-EF801F68BF4A}
	EndProjectSection
EndProject
Project("{8BC9CEB8-8B4A-11D0-8D11-00A0C91BC942}") = "SPIRV", "..\..\..\DiligentCore\ThirdParty\glslang\SPIRV\SPIRV.vcxproj", "{83E205D0-DD7A-37E8-9BC1-0B486360D56A}"
	ProjectSection(ProjectDependencies) = postProject
		{50F86D64-723A-3573-815D-6BE7770E36BB} = {50F86D64-723A-3573-815D-6BE7770E36BB}
		{F1EA1B2B-8D46-3DAF-AE25-C4308D6107E6} = {F1EA1B2B-8D46-3DAF-AE25-C4308D6107E6}
		{F14821E8-B211-3A1D-B44D-EF801F68BF4A} = {F14821E8-B211-3A1D-B44D-EF801F68BF4A}
	EndProjectSection
EndProject
Project("{8BC9CEB8-8B4A-11D0-8D11-00A0C91BC942}") = "SPIRV-Tools-opt", "..\..\..\DiligentCore\ThirdParty\SPIRV-Tools\source\opt\SPIRV-Tools-opt.vcxproj", "{50F86D64-723A-3573-815D-6BE7770E36BB}"
	ProjectSection(ProjectDependencies) = postProject
		{F1EA1B2B-8D46-3DAF-AE25-C4308D6107E6} = {F1EA1B2B-8D46-3DAF-AE25-C4308D6107E6}
		{F14821E8-B211-3A1D-B44D-EF801F68BF4A} = {F14821E8-B211-3A1D-B44D-EF801F68BF4A}
	EndProjectSection
EndProject
Project("{8BC9CEB8-8B4A-11D0-8D11-00A0C91BC942}") = "SPIRV-Tools-static", "..\..\..\DiligentCore\ThirdParty\SPIRV-Tools\source\SPIRV-Tools-static.vcxproj", "{F1EA1B2B-8D46-3DAF-AE25-C4308D6107E6}"
	ProjectSection(ProjectDependencies) = postProject
		{F14821E8-B211-3A1D-B44D-EF801F68BF4A} = {F14821E8-B211-3A1D-B44D-EF801F68BF4A}
		{D5594335-2684-39A7-83C8-C728DB099FC8} = {D5594335-2684-39A7-83C8-C728DB099FC8}
		{3726ABCA-B41F-3308-9A72-CA049CD4F314} = {3726ABCA-B41F-3308-9A72-CA049CD4F314}
		{9CDF3D05-45FF-3E7A-8B1D-17F0D97993F1} = {9CDF3D05-45FF-3E7A-8B1D-17F0D97993F1}
		{9A591636-FC06-3749-86B8-F326A4DFAF88} = {9A591636-FC06-3749-86B8-F326A4DFAF88}
	EndProjectSection
EndProject
Project("{8BC9CEB8-8B4A-11D0-8D11-00A0C91BC942}") = "Tutorial02_Cube", "Tutorial02_Cube.vcxproj", "{6F3CE102-2297-3C00-8141-F4B7BC42738F}"
	ProjectSection(ProjectDependencies) = postProject
		{83D9F7DD-BF2B-37BA-BD43-D153080679D7} = {83D9F7DD-BF2B-37BA-BD43-D153080679D7}
		{200BF690-54D2-3238-AA08-28665983860F} = {200BF690-54D2-3238-AA08-28665983860F}
		{1AD83B78-796E-3940-9105-B75DBB7B587C} = {1AD83B78-796E-3940-9105-B75DBB7B587C}
		{5BFDBBE6-8370-3DEA-8BE7-2BA370B689F3} = {5BFDBBE6-8370-3DEA-8BE7-2BA370B689F3}
		{A52CACAE-514B-3B09-A4CB-3DBF88D94DB4} = {A52CACAE-514B-3B09-A4CB-3DBF88D94DB4}
		{4E9268B2-4788-333B-BBBB-07950C559D88} = {4E9268B2-4788-333B-BBBB-07950C559D88}
		{4E8B72A6-D727-3B4D-B6B3-391F0C30CC95} = {4E8B72A6-D727-3B4D-B6B3-391F0C30CC95}
		{25D7974F-63BF-3F96-9AED-F727130DCACC} = {25D7974F-63BF-3F96-9AED-F727130DCACC}
		{0D52D3CA-83D2-3582-B1CF-04CE0D064925} = {0D52D3CA-83D2-3582-B1CF-04CE0D064925}
		{58363145-24B9-394F-BD7E-FD74080C5C6B} = {58363145-24B9-394F-BD7E-FD74080C5C6B}
		{560DEED0-B7BE-3891-92BC-4445E776142C} = {560DEED0-B7BE-3891-92BC-4445E776142C}
		{C3482AC4-2FDD-32FA-A5CF-2CB7C0830C39} = {C3482AC4-2FDD-32FA-A5CF-2CB7C0830C39}
		{BE33E22A-B08D-3ADC-B079-70329C5785F0} = {BE33E22A-B08D-3ADC-B079-70329C5785F0}
		{09975378-01D9-3288-93A1-921A00CA2B6A} = {09975378-01D9-3288-93A1-921A00CA2B6A}
		{D4A3055B-1E9B-38F1-8FA0-888355782AD7} = {D4A3055B-1E9B-38F1-8FA0-888355782AD7}
		{9509757D-6184-3E6D-A896-D30A48F7ED8F} = {9509757D-6184-3E6D-A896-D30A48F7ED8F}
		{52C9C28F-DBF3-3FD1-822E-8B57AE36F7C3} = {52C9C28F-DBF3-3FD1-822E-8B57AE36F7C3}
		{265F2886-9D8B-30F2-88F8-22FEB3FA482A} = {265F2886-9D8B-30F2-88F8-22FEB3FA482A}
		{E87E4A77-B44C-3190-8230-85DB8B4502A9} = {E87E4A77-B44C-3190-8230-85DB8B4502A9}
		{999CA195-8018-37E0-962E-3A56DF960FE0} = {999CA195-8018-37E0-962E-3A56DF960FE0}
		{014E3808-397B-3192-809E-D5437B781EA1} = {014E3808-397B-3192-809E-D5437B781EA1}
		{83E205D0-DD7A-37E8-9BC1-0B486360D56A} = {83E205D0-DD7A-37E8-9BC1-0B486360D56A}
		{50F86D64-723A-3573-815D-6BE7770E36BB} = {50F86D64-723A-3573-815D-6BE7770E36BB}
		{F1EA1B2B-8D46-3DAF-AE25-C4308D6107E6} = {F1EA1B2B-8D46-3DAF-AE25-C4308D6107E6}
		{F14821E8-B211-3A1D-B44D-EF801F68BF4A} = {F14821E8-B211-3A1D-B44D-EF801F68BF4A}
		{259BF2E2-C830-36CF-80E1-1879A2AEBE9F} = {259BF2E2-C830-36CF-80E1-1879A2AEBE9F}
		{5C043A80-8CDB-3DB1-B832-0810888EFDBC} = {5C043A80-8CDB-3DB1-B832-0810888EFDBC}
		{E0C684E0-F281-3BF5-B141-B9B0F27FF5B8} = {E0C684E0-F281-3BF5-B141-B9B0F27FF5B8}
		{045BFBDF-4428-39B8-A2B9-07CA4CB69AFA} = {045BFBDF-4428-39B8-A2B9-07CA4CB69AFA}
		{A8A0C520-0F61-35FD-ABB7-D77BC2F28AE6} = {A8A0C520-0F61-35FD-ABB7-D77BC2F28AE6}
		{395991E1-7C65-3E6A-A5A8-6876C29CBAD9} = {395991E1-7C65-3E6A-A5A8-6876C29CBAD9}
		{5A20C25B-0C72-3493-85A4-69395049811B} = {5A20C25B-0C72-3493-85A4-69395049811B}
	EndProjectSection
EndProject
Project("{8BC9CEB8-8B4A-11D0-8D11-00A0C91BC942}") = "ZERO_CHECK", "..\..\..\\ZERO_CHECK.vcxproj", "{F14821E8-B211-3A1D-B44D-EF801F68BF4A}"
	ProjectSection(ProjectDependencies) = postProject
	EndProjectSection
EndProject
Project("{8BC9CEB8-8B4A-11D0-8D11-00A0C91BC942}") = "ZLib", "..\..\..\DiligentTools\ThirdParty\ZLib.vcxproj", "{259BF2E2-C830-36CF-80E1-1879A2AEBE9F}"
	ProjectSection(ProjectDependencies) = postProject
		{F14821E8-B211-3A1D-B44D-EF801F68BF4A} = {F14821E8-B211-3A1D-B44D-EF801F68BF4A}
	EndProjectSection
EndProject
Project("{8BC9CEB8-8B4A-11D0-8D11-00A0C91BC942}") = "core_tables", "..\..\..\DiligentCore\ThirdParty\SPIRV-Tools\source\core_tables.vcxproj", "{D5594335-2684-39A7-83C8-C728DB099FC8}"
	ProjectSection(ProjectDependencies) = postProject
		{F14821E8-B211-3A1D-B44D-EF801F68BF4A} = {F14821E8-B211-3A1D-B44D-EF801F68BF4A}
	EndProjectSection
EndProject
Project("{8BC9CEB8-8B4A-11D0-8D11-00A0C91BC942}") = "enum_string_mapping", "..\..\..\DiligentCore\ThirdParty\SPIRV-Tools\source\enum_string_mapping.vcxproj", "{3726ABCA-B41F-3308-9A72-CA049CD4F314}"
	ProjectSection(ProjectDependencies) = postProject
		{F14821E8-B211-3A1D-B44D-EF801F68BF4A} = {F14821E8-B211-3A1D-B44D-EF801F68BF4A}
	EndProjectSection
EndProject
Project("{8BC9CEB8-8B4A-11D0-8D11-00A0C91BC942}") = "extinst_tables", "..\..\..\DiligentCore\ThirdParty\SPIRV-Tools\source\extinst_tables.vcxproj", "{9CDF3D05-45FF-3E7A-8B1D-17F0D97993F1}"
	ProjectSection(ProjectDependencies) = postProject
		{F14821E8-B211-3A1D-B44D-EF801F68BF4A} = {F14821E8-B211-3A1D-B44D-EF801F68BF4A}
		{041B280A-5684-3BE9-9D03-3C9066208540} = {041B280A-5684-3BE9-9D03-3C9066208540}
		{765F1404-FB86-33B0-9768-5B7C28DD8DDA} = {765F1404-FB86-33B0-9768-5B7C28DD8DDA}
		{C26B0077-84FA-3AD3-A332-86BFB551F374} = {C26B0077-84FA-3AD3-A332-86BFB551F374}
		{1436EB8F-F08D-3C6B-B701-7E0CB00243A1} = {1436EB8F-F08D-3C6B-B701-7E0CB00243A1}
		{CBCF3367-69BD-3D84-BF51-0F419404D561} = {CBCF3367-69BD-3D84-BF51-0F419404D561}
		{F9E5F0D3-48D0-30E5-B209-F1F95FECBCD7} = {F9E5F0D3-48D0-30E5-B209-F1F95FECBCD7}
		{EAE8CA7E-9C0C-33BD-A81B-9A40401985B0} = {EAE8CA7E-9C0C-33BD-A81B-9A40401985B0}
		{9FB07143-A854-3B03-BBD7-B06B3F5374F2} = {9FB07143-A854-3B03-BBD7-B06B3F5374F2}
		{FEBB05EC-7C03-3592-BE78-67E1BEED1ACF} = {FEBB05EC-7C03-3592-BE78-67E1BEED1ACF}
		{0FFA7461-CDFF-3CE2-99E8-0E75A8E15CE1} = {0FFA7461-CDFF-3CE2-99E8-0E75A8E15CE1}
		{459B0698-E428-3762-99A7-A9BAB6638D1B} = {459B0698-E428-3762-99A7-A9BAB6638D1B}
		{1D525ED2-FB6A-383C-AE02-C3B09DD3C347} = {1D525ED2-FB6A-383C-AE02-C3B09DD3C347}
	EndProjectSection
EndProject
Project("{8BC9CEB8-8B4A-11D0-8D11-00A0C91BC942}") = "glew-static", "..\..\..\DiligentCore\ThirdParty\glew\glew-static.vcxproj", "{5C043A80-8CDB-3DB1-B832-0810888EFDBC}"
	ProjectSection(ProjectDependencies) = postProject
		{F14821E8-B211-3A1D-B44D-EF801F68BF4A} = {F14821E8-B211-3A1D-B44D-EF801F68BF4A}
	EndProjectSection
EndProject
Project("{8BC9CEB8-8B4A-11D0-8D11-00A0C91BC942}") = "glslang", "..\..\..\DiligentCore\ThirdParty\glslang\glslang\glslang.vcxproj", "{E0C684E0-F281-3BF5-B141-B9B0F27FF5B8}"
	ProjectSection(ProjectDependencies) = postProject
		{50F86D64-723A-3573-815D-6BE7770E36BB} = {50F86D64-723A-3573-815D-6BE7770E36BB}
		{F1EA1B2B-8D46-3DAF-AE25-C4308D6107E6} = {F1EA1B2B-8D46-3DAF-AE25-C4308D6107E6}
		{F14821E8-B211-3A1D-B44D-EF801F68BF4A} = {F14821E8-B211-3A1D-B44D-EF801F68BF4A}
	EndProjectSection
EndProject
Project("{8BC9CEB8-8B4A-11D0-8D11-00A0C91BC942}") = "png_genfiles", "..\..\..\DiligentTools\ThirdParty\libpng\png_genfiles.vcxproj", "{B6386631-1D0A-3E57-9BF4-29F2944AE3D4}"
	ProjectSection(ProjectDependencies) = postProject
		{F14821E8-B211-3A1D-B44D-EF801F68BF4A} = {F14821E8-B211-3A1D-B44D-EF801F68BF4A}
	EndProjectSection
EndProject
Project("{8BC9CEB8-8B4A-11D0-8D11-00A0C91BC942}") = "png_static", "..\..\..\DiligentTools\ThirdParty\libpng\png_static.vcxproj", "{045BFBDF-4428-39B8-A2B9-07CA4CB69AFA}"
	ProjectSection(ProjectDependencies) = postProject
		{F14821E8-B211-3A1D-B44D-EF801F68BF4A} = {F14821E8-B211-3A1D-B44D-EF801F68BF4A}
		{259BF2E2-C830-36CF-80E1-1879A2AEBE9F} = {259BF2E2-C830-36CF-80E1-1879A2AEBE9F}
		{B6386631-1D0A-3E57-9BF4-29F2944AE3D4} = {B6386631-1D0A-3E57-9BF4-29F2944AE3D4}
	EndProjectSection
EndProject
Project("{8BC9CEB8-8B4A-11D0-8D11-00A0C91BC942}") = "spirv-cross-core", "..\..\..\DiligentCore\ThirdParty\SPIRV-Cross\spirv-cross-core.vcxproj", "{A8A0C520-0F61-35FD-ABB7-D77BC2F28AE6}"
	ProjectSection(ProjectDependencies) = postProject
		{F14821E8-B211-3A1D-B44D-EF801F68BF4A} = {F14821E8-B211-3A1D-B44D-EF801F68BF4A}
	EndProjectSection
EndProject
Project("{8BC9CEB8-8B4A-11D0-8D11-00A0C91BC942}") = "spirv-cross-glsl", "..\..\..\DiligentCore\ThirdParty\SPIRV-Cross\spirv-cross-glsl.vcxproj", "{395991E1-7C65-3E6A-A5A8-6876C29CBAD9}"
	ProjectSection(ProjectDependencies) = postProject
		{F14821E8-B211-3A1D-B44D-EF801F68BF4A} = {F14821E8-B211-3A1D-B44D-EF801F68BF4A}
		{A8A0C520-0F61-35FD-ABB7-D77BC2F28AE6} = {A8A0C520-0F61-35FD-ABB7-D77BC2F28AE6}
	EndProjectSection
EndProject
Project("{8BC9CEB8-8B4A-11D0-8D11-00A0C91BC942}") = "spirv-tools-build-version", "..\..\..\DiligentCore\ThirdParty\SPIRV-Tools\source\spirv-tools-build-version.vcxproj", "{9A591636-FC06-3749-86B8-F326A4DFAF88}"
	ProjectSection(ProjectDependencies) = postProject
		{F14821E8-B211-3A1D-B44D-EF801F68BF4A} = {F14821E8-B211-3A1D-B44D-EF801F68BF4A}
	EndProjectSection
EndProject
Project("{8BC9CEB8-8B4A-11D0-8D11-00A0C91BC942}") = "spirv-tools-header-DebugInfo", "..\..\..\DiligentCore\ThirdParty\SPIRV-Tools\source\spirv-tools-header-DebugInfo.vcxproj", "{041B280A-5684-3BE9-9D03-3C9066208540}"
	ProjectSection(ProjectDependencies) = postProject
		{F14821E8-B211-3A1D-B44D-EF801F68BF4A} = {F14821E8-B211-3A1D-B44D-EF801F68BF4A}
	EndProjectSection
EndProject
Project("{8BC9CEB8-8B4A-11D0-8D11-00A0C91BC942}") = "spirv-tools-header-NonSemanticShaderDebugInfo100", "..\..\..\DiligentCore\ThirdParty\SPIRV-Tools\source\spirv-tools-header-NonSemanticShaderDebugInfo100.vcxproj", "{765F1404-FB86-33B0-9768-5B7C28DD8DDA}"
	ProjectSection(ProjectDependencies) = postProject
		{F14821E8-B211-3A1D-B44D-EF801F68BF4A} = {F14821E8-B211-3A1D-B44D-EF801F68BF4A}
	EndProjectSection
EndProject
Project("{8BC9CEB8-8B4A-11D0-8D11-00A0C91BC942}") = "spirv-tools-header-OpenCLDebugInfo100", "..\..\..\DiligentCore\ThirdParty\SPIRV-Tools\source\spirv-tools-header-OpenCLDebugInfo100.vcxproj", "{C26B0077-84FA-3AD3-A332-86BFB551F374}"
	ProjectSection(ProjectDependencies) = postProject
		{F14821E8-B211-3A1D-B44D-EF801F68BF4A} = {F14821E8-B211-3A1D-B44D-EF801F68BF4A}
	EndProjectSection
EndProject
Project("{8BC9CEB8-8B4A-11D0-8D11-00A0C91BC942}") = "spv-tools-cldi100", "..\..\..\DiligentCore\ThirdParty\SPIRV-Tools\source\spv-tools-cldi100.vcxproj", "{1436EB8F-F08D-3C6B-B701-7E0CB00243A1}"
	ProjectSection(ProjectDependencies) = postProject
		{F14821E8-B211-3A1D-B44D-EF801F68BF4A} = {F14821E8-B211-3A1D-B44D-EF801F68BF4A}
	EndProjectSection
EndProject
Project("{8BC9CEB8-8B4A-11D0-8D11-00A0C91BC942}") = "spv-tools-clspvreflection", "..\..\..\DiligentCore\ThirdParty\SPIRV-Tools\source\spv-tools-clspvreflection.vcxproj", "{CBCF3367-69BD-3D84-BF51-0F419404D561}"
	ProjectSection(ProjectDependencies) = postProject
		{F14821E8-B211-3A1D-B44D-EF801F68BF4A} = {F14821E8-B211-3A1D-B44D-EF801F68BF4A}
	EndProjectSection
EndProject
Project("{8BC9CEB8-8B4A-11D0-8D11-00A0C91BC942}") = "spv-tools-debuginfo", "..\..\..\DiligentCore\ThirdParty\SPIRV-Tools\source\spv-tools-debuginfo.vcxproj", "{F9E5F0D3-48D0-30E5-B209-F1F95FECBCD7}"
	ProjectSection(ProjectDependencies) = postProject
		{F14821E8-B211-3A1D-B44D-EF801F68BF4A} = {F14821E8-B211-3A1D-B44D-EF801F68BF4A}
	EndProjectSection
EndProject
Project("{8BC9CEB8-8B4A-11D0-8D11-00A0C91BC942}") = "spv-tools-shdi100", "..\..\..\DiligentCore\ThirdParty\SPIRV-Tools\source\spv-tools-shdi100.vcxproj", "{EAE8CA7E-9C0C-33BD-A81B-9A40401985B0}"
	ProjectSection(ProjectDependencies) = postProject
		{F14821E8-B211-3A1D-B44D-EF801F68BF4A} = {F14821E8-B211-3A1D-B44D-EF801F68BF4A}
	EndProjectSection
EndProject
Project("{8BC9CEB8-8B4A-11D0-8D11-00A0C91BC942}") = "spv-tools-spv-amd-gs", "..\..\..\DiligentCore\ThirdParty\SPIRV-Tools\source\spv-tools-spv-amd-gs.vcxproj", "{9FB07143-A854-3B03-BBD7-B06B3F5374F2}"
	ProjectSection(ProjectDependencies) = postProject
		{F14821E8-B211-3A1D-B44D-EF801F68BF4A} = {F14821E8-B211-3A1D-B44D-EF801F68BF4A}
	EndProjectSection
EndProject
Project("{8BC9CEB8-8B4A-11D0-8D11-00A0C91BC942}") = "spv-tools-spv-amd-sb", "..\..\..\DiligentCore\ThirdParty\SPIRV-Tools\source\spv-tools-spv-amd-sb.vcxproj", "{FEBB05EC-7C03-3592-BE78-67E1BEED1ACF}"
	ProjectSection(ProjectDependencies) = postProject
		{F14821E8-B211-3A1D-B44D-EF801F68BF4A} = {F14821E8-B211-3A1D-B44D-EF801F68BF4A}
	EndProjectSection
EndProject
Project("{8BC9CEB8-8B4A-11D0-8D11-00A0C91BC942}") = "spv-tools-spv-amd-sevp", "..\..\..\DiligentCore\ThirdParty\SPIRV-Tools\source\spv-tools-spv-amd-sevp.vcxproj", "{0FFA7461-CDFF-3CE2-99E8-0E75A8E15CE1}"
	ProjectSection(ProjectDependencies) = postProject
		{F14821E8-B211-3A1D-B44D-EF801F68BF4A} = {F14821E8-B211-3A1D-B44D-EF801F68BF4A}
	EndProjectSection
EndProject
Project("{8BC9CEB8-8B4A-11D0-8D11-00A0C91BC942}") = "spv-tools-spv-amd-stm", "..\..\..\DiligentCore\ThirdParty\SPIRV-Tools\source\spv-tools-spv-amd-stm.vcxproj", "{459B0698-E428-3762-99A7-A9BAB6638D1B}"
	ProjectSection(ProjectDependencies) = postProject
		{F14821E8-B211-3A1D-B44D-EF801F68BF4A} = {F14821E8-B211-3A1D-B44D-EF801F68BF4A}
	EndProjectSection
EndProject
Project("{8BC9CEB8-8B4A-11D0-8D11-00A0C91BC942}") = "spv-tools-vkspreflection", "..\..\..\DiligentCore\ThirdParty\SPIRV-Tools\source\spv-tools-vkspreflection.vcxproj", "{1D525ED2-FB6A-383C-AE02-C3B09DD3C347}"
	ProjectSection(ProjectDependencies) = postProject
		{F14821E8-B211-3A1D-B44D-EF801F68BF4A} = {F14821E8-B211-3A1D-B44D-EF801F68BF4A}
	EndProjectSection
EndProject
Project("{8BC9CEB8-8B4A-11D0-8D11-00A0C91BC942}") = "xxhash", "..\..\..\DiligentCore\ThirdParty\xxHash\cmake_unofficial\xxhash.vcxproj", "{5A20C25B-0C72-3493-85A4-69395049811B}"
	ProjectSection(ProjectDependencies) = postProject
		{F14821E8-B211-3A1D-B44D-EF801F68BF4A} = {F14821E8-B211-3A1D-B44D-EF801F68BF4A}
	EndProjectSection
EndProject
Global
	GlobalSection(SolutionConfigurationPlatforms) = preSolution
		Debug|x64 = Debug|x64
		Release|x64 = Release|x64
		MinSizeRel|x64 = MinSizeRel|x64
		RelWithDebInfo|x64 = RelWithDebInfo|x64
	EndGlobalSection
	GlobalSection(ProjectConfigurationPlatforms) = postSolution
		{9A4E2483-0A62-319F-93AF-EE510D0FE8D2}.Debug|x64.ActiveCfg = Debug|x64
		{9A4E2483-0A62-319F-93AF-EE510D0FE8D2}.Debug|x64.Build.0 = Debug|x64
		{9A4E2483-0A62-319F-93AF-EE510D0FE8D2}.Release|x64.ActiveCfg = Release|x64
		{9A4E2483-0A62-319F-93AF-EE510D0FE8D2}.Release|x64.Build.0 = Release|x64
		{9A4E2483-0A62-319F-93AF-EE510D0FE8D2}.MinSizeRel|x64.ActiveCfg = MinSizeRel|x64
		{9A4E2483-0A62-319F-93AF-EE510D0FE8D2}.MinSizeRel|x64.Build.0 = MinSizeRel|x64
		{9A4E2483-0A62-319F-93AF-EE510D0FE8D2}.RelWithDebInfo|x64.ActiveCfg = RelWithDebInfo|x64
		{9A4E2483-0A62-319F-93AF-EE510D0FE8D2}.RelWithDebInfo|x64.Build.0 = RelWithDebInfo|x64
		{83D9F7DD-BF2B-37BA-BD43-D153080679D7}.Debug|x64.ActiveCfg = Debug|x64
		{83D9F7DD-BF2B-37BA-BD43-D153080679D7}.Debug|x64.Build.0 = Debug|x64
		{83D9F7DD-BF2B-37BA-BD43-D153080679D7}.Release|x64.ActiveCfg = Release|x64
		{83D9F7DD-BF2B-37BA-BD43-D153080679D7}.Release|x64.Build.0 = Release|x64
		{83D9F7DD-BF2B-37BA-BD43-D153080679D7}.MinSizeRel|x64.ActiveCfg = MinSizeRel|x64
		{83D9F7DD-BF2B-37BA-BD43-D153080679D7}.MinSizeRel|x64.Build.0 = MinSizeRel|x64
		{83D9F7DD-BF2B-37BA-BD43-D153080679D7}.RelWithDebInfo|x64.ActiveCfg = RelWithDebInfo|x64
		{83D9F7DD-BF2B-37BA-BD43-D153080679D7}.RelWithDebInfo|x64.Build.0 = RelWithDebInfo|x64
		{200BF690-54D2-3238-AA08-28665983860F}.Debug|x64.ActiveCfg = Debug|x64
		{200BF690-54D2-3238-AA08-28665983860F}.Debug|x64.Build.0 = Debug|x64
		{200BF690-54D2-3238-AA08-28665983860F}.Release|x64.ActiveCfg = Release|x64
		{200BF690-54D2-3238-AA08-28665983860F}.Release|x64.Build.0 = Release|x64
		{200BF690-54D2-3238-AA08-28665983860F}.MinSizeRel|x64.ActiveCfg = MinSizeRel|x64
		{200BF690-54D2-3238-AA08-28665983860F}.MinSizeRel|x64.Build.0 = MinSizeRel|x64
		{200BF690-54D2-3238-AA08-28665983860F}.RelWithDebInfo|x64.ActiveCfg = RelWithDebInfo|x64
		{200BF690-54D2-3238-AA08-28665983860F}.RelWithDebInfo|x64.Build.0 = RelWithDebInfo|x64
		{1AD83B78-796E-3940-9105-B75DBB7B587C}.Debug|x64.ActiveCfg = Debug|x64
		{1AD83B78-796E-3940-9105-B75DBB7B587C}.Debug|x64.Build.0 = Debug|x64
		{1AD83B78-796E-3940-9105-B75DBB7B587C}.Release|x64.ActiveCfg = Release|x64
		{1AD83B78-796E-3940-9105-B75DBB7B587C}.Release|x64.Build.0 = Release|x64
		{1AD83B78-796E-3940-9105-B75DBB7B587C}.MinSizeRel|x64.ActiveCfg = MinSizeRel|x64
		{1AD83B78-796E-3940-9105-B75DBB7B587C}.MinSizeRel|x64.Build.0 = MinSizeRel|x64
		{1AD83B78-796E-3940-9105-B75DBB7B587C}.RelWithDebInfo|x64.ActiveCfg = RelWithDebInfo|x64
		{1AD83B78-796E-3940-9105-B75DBB7B587C}.RelWithDebInfo|x64.Build.0 = RelWithDebInfo|x64
		{5BFDBBE6-8370-3DEA-8BE7-2BA370B689F3}.Debug|x64.ActiveCfg = Debug|x64
		{5BFDBBE6-8370-3DEA-8BE7-2BA370B689F3}.Debug|x64.Build.0 = Debug|x64
		{5BFDBBE6-8370-3DEA-8BE7-2BA370B689F3}.Release|x64.ActiveCfg = Release|x64
		{5BFDBBE6-8370-3DEA-8BE7-2BA370B689F3}.Release|x64.Build.0 = Release|x64
		{5BFDBBE6-8370-3DEA-8BE7-2BA370B689F3}.MinSizeRel|x64.ActiveCfg = MinSizeRel|x64
		{5BFDBBE6-8370-3DEA-8BE7-2BA370B689F3}.MinSizeRel|x64.Build.0 = MinSizeRel|x64
		{5BFDBBE6-8370-3DEA-8BE7-2BA370B689F3}.RelWithDebInfo|x64.ActiveCfg = RelWithDebInfo|x64
		{5BFDBBE6-8370-3DEA-8BE7-2BA370B689F3}.RelWithDebInfo|x64.Build.0 = RelWithDebInfo|x64
		{A52CACAE-514B-3B09-A4CB-3DBF88D94DB4}.Debug|x64.ActiveCfg = Debug|x64
		{A52CACAE-514B-3B09-A4CB-3DBF88D94DB4}.Debug|x64.Build.0 = Debug|x64
		{A52CACAE-514B-3B09-A4CB-3DBF88D94DB4}.Release|x64.ActiveCfg = Release|x64
		{A52CACAE-514B-3B09-A4CB-3DBF88D94DB4}.Release|x64.Build.0 = Release|x64
		{A52CACAE-514B-3B09-A4CB-3DBF88D94DB4}.MinSizeRel|x64.ActiveCfg = MinSizeRel|x64
		{A52CACAE-514B-3B09-A4CB-3DBF88D94DB4}.MinSizeRel|x64.Build.0 = MinSizeRel|x64
		{A52CACAE-514B-3B09-A4CB-3DBF88D94DB4}.RelWithDebInfo|x64.ActiveCfg = RelWithDebInfo|x64
		{A52CACAE-514B-3B09-A4CB-3DBF88D94DB4}.RelWithDebInfo|x64.Build.0 = RelWithDebInfo|x64
		{4E9268B2-4788-333B-BBBB-07950C559D88}.Debug|x64.ActiveCfg = Debug|x64
		{4E9268B2-4788-333B-BBBB-07950C559D88}.Debug|x64.Build.0 = Debug|x64
		{4E9268B2-4788-333B-BBBB-07950C559D88}.Release|x64.ActiveCfg = Release|x64
		{4E9268B2-4788-333B-BBBB-07950C559D88}.Release|x64.Build.0 = Release|x64
		{4E9268B2-4788-333B-BBBB-07950C559D88}.MinSizeRel|x64.ActiveCfg = MinSizeRel|x64
		{4E9268B2-4788-333B-BBBB-07950C559D88}.MinSizeRel|x64.Build.0 = MinSizeRel|x64
		{4E9268B2-4788-333B-BBBB-07950C559D88}.RelWithDebInfo|x64.ActiveCfg = RelWithDebInfo|x64
		{4E9268B2-4788-333B-BBBB-07950C559D88}.RelWithDebInfo|x64.Build.0 = RelWithDebInfo|x64
		{4E8B72A6-D727-3B4D-B6B3-391F0C30CC95}.Debug|x64.ActiveCfg = Debug|x64
		{4E8B72A6-D727-3B4D-B6B3-391F0C30CC95}.Debug|x64.Build.0 = Debug|x64
		{4E8B72A6-D727-3B4D-B6B3-391F0C30CC95}.Release|x64.ActiveCfg = Release|x64
		{4E8B72A6-D727-3B4D-B6B3-391F0C30CC95}.Release|x64.Build.0 = Release|x64
		{4E8B72A6-D727-3B4D-B6B3-391F0C30CC95}.MinSizeRel|x64.ActiveCfg = MinSizeRel|x64
		{4E8B72A6-D727-3B4D-B6B3-391F0C30CC95}.MinSizeRel|x64.Build.0 = MinSizeRel|x64
		{4E8B72A6-D727-3B4D-B6B3-391F0C30CC95}.RelWithDebInfo|x64.ActiveCfg = RelWithDebInfo|x64
		{4E8B72A6-D727-3B4D-B6B3-391F0C30CC95}.RelWithDebInfo|x64.Build.0 = RelWithDebInfo|x64
		{25D7974F-63BF-3F96-9AED-F727130DCACC}.Debug|x64.ActiveCfg = Debug|x64
		{25D7974F-63BF-3F96-9AED-F727130DCACC}.Debug|x64.Build.0 = Debug|x64
		{25D7974F-63BF-3F96-9AED-F727130DCACC}.Release|x64.ActiveCfg = Release|x64
		{25D7974F-63BF-3F96-9AED-F727130DCACC}.Release|x64.Build.0 = Release|x64
		{25D7974F-63BF-3F96-9AED-F727130DCACC}.MinSizeRel|x64.ActiveCfg = MinSizeRel|x64
		{25D7974F-63BF-3F96-9AED-F727130DCACC}.MinSizeRel|x64.Build.0 = MinSizeRel|x64
		{25D7974F-63BF-3F96-9AED-F727130DCACC}.RelWithDebInfo|x64.ActiveCfg = RelWithDebInfo|x64
		{25D7974F-63BF-3F96-9AED-F727130DCACC}.RelWithDebInfo|x64.Build.0 = RelWithDebInfo|x64
		{0D52D3CA-83D2-3582-B1CF-04CE0D064925}.Debug|x64.ActiveCfg = Debug|x64
		{0D52D3CA-83D2-3582-B1CF-04CE0D064925}.Debug|x64.Build.0 = Debug|x64
		{0D52D3CA-83D2-3582-B1CF-04CE0D064925}.Release|x64.ActiveCfg = Release|x64
		{0D52D3CA-83D2-3582-B1CF-04CE0D064925}.Release|x64.Build.0 = Release|x64
		{0D52D3CA-83D2-3582-B1CF-04CE0D064925}.MinSizeRel|x64.ActiveCfg = MinSizeRel|x64
		{0D52D3CA-83D2-3582-B1CF-04CE0D064925}.MinSizeRel|x64.Build.0 = MinSizeRel|x64
		{0D52D3CA-83D2-3582-B1CF-04CE0D064925}.RelWithDebInfo|x64.ActiveCfg = RelWithDebInfo|x64
		{0D52D3CA-83D2-3582-B1CF-04CE0D064925}.RelWithDebInfo|x64.Build.0 = RelWithDebInfo|x64
		{58363145-24B9-394F-BD7E-FD74080C5C6B}.Debug|x64.ActiveCfg = Debug|x64
		{58363145-24B9-394F-BD7E-FD74080C5C6B}.Debug|x64.Build.0 = Debug|x64
		{58363145-24B9-394F-BD7E-FD74080C5C6B}.Release|x64.ActiveCfg = Release|x64
		{58363145-24B9-394F-BD7E-FD74080C5C6B}.Release|x64.Build.0 = Release|x64
		{58363145-24B9-394F-BD7E-FD74080C5C6B}.MinSizeRel|x64.ActiveCfg = MinSizeRel|x64
		{58363145-24B9-394F-BD7E-FD74080C5C6B}.MinSizeRel|x64.Build.0 = MinSizeRel|x64
		{58363145-24B9-394F-BD7E-FD74080C5C6B}.RelWithDebInfo|x64.ActiveCfg = RelWithDebInfo|x64
		{58363145-24B9-394F-BD7E-FD74080C5C6B}.RelWithDebInfo|x64.Build.0 = RelWithDebInfo|x64
		{560DEED0-B7BE-3891-92BC-4445E776142C}.Debug|x64.ActiveCfg = Debug|x64
		{560DEED0-B7BE-3891-92BC-4445E776142C}.Debug|x64.Build.0 = Debug|x64
		{560DEED0-B7BE-3891-92BC-4445E776142C}.Release|x64.ActiveCfg = Release|x64
		{560DEED0-B7BE-3891-92BC-4445E776142C}.Release|x64.Build.0 = Release|x64
		{560DEED0-B7BE-3891-92BC-4445E776142C}.MinSizeRel|x64.ActiveCfg = MinSizeRel|x64
		{560DEED0-B7BE-3891-92BC-4445E776142C}.MinSizeRel|x64.Build.0 = MinSizeRel|x64
		{560DEED0-B7BE-3891-92BC-4445E776142C}.RelWithDebInfo|x64.ActiveCfg = RelWithDebInfo|x64
		{560DEED0-B7BE-3891-92BC-4445E776142C}.RelWithDebInfo|x64.Build.0 = RelWithDebInfo|x64
		{C3482AC4-2FDD-32FA-A5CF-2CB7C0830C39}.Debug|x64.ActiveCfg = Debug|x64
		{C3482AC4-2FDD-32FA-A5CF-2CB7C0830C39}.Debug|x64.Build.0 = Debug|x64
		{C3482AC4-2FDD-32FA-A5CF-2CB7C0830C39}.Release|x64.ActiveCfg = Release|x64
		{C3482AC4-2FDD-32FA-A5CF-2CB7C0830C39}.Release|x64.Build.0 = Release|x64
		{C3482AC4-2FDD-32FA-A5CF-2CB7C0830C39}.MinSizeRel|x64.ActiveCfg = MinSizeRel|x64
		{C3482AC4-2FDD-32FA-A5CF-2CB7C0830C39}.MinSizeRel|x64.Build.0 = MinSizeRel|x64
		{C3482AC4-2FDD-32FA-A5CF-2CB7C0830C39}.RelWithDebInfo|x64.ActiveCfg = RelWithDebInfo|x64
		{C3482AC4-2FDD-32FA-A5CF-2CB7C0830C39}.RelWithDebInfo|x64.Build.0 = RelWithDebInfo|x64
		{BE33E22A-B08D-3ADC-B079-70329C5785F0}.Debug|x64.ActiveCfg = Debug|x64
		{BE33E22A-B08D-3ADC-B079-70329C5785F0}.Debug|x64.Build.0 = Debug|x64
		{BE33E22A-B08D-3ADC-B079-70329C5785F0}.Release|x64.ActiveCfg = Release|x64
		{BE33E22A-B08D-3ADC-B079-70329C5785F0}.Release|x64.Build.0 = Release|x64
		{BE33E22A-B08D-3ADC-B079-70329C5785F0}.MinSizeRel|x64.ActiveCfg = MinSizeRel|x64
		{BE33E22A-B08D-3ADC-B079-70329C5785F0}.MinSizeRel|x64.Build.0 = MinSizeRel|x64
		{BE33E22A-B08D-3ADC-B079-70329C5785F0}.RelWithDebInfo|x64.ActiveCfg = RelWithDebInfo|x64
		{BE33E22A-B08D-3ADC-B079-70329C5785F0}.RelWithDebInfo|x64.Build.0 = RelWithDebInfo|x64
		{09975378-01D9-3288-93A1-921A00CA2B6A}.Debug|x64.ActiveCfg = Debug|x64
		{09975378-01D9-3288-93A1-921A00CA2B6A}.Debug|x64.Build.0 = Debug|x64
		{09975378-01D9-3288-93A1-921A00CA2B6A}.Release|x64.ActiveCfg = Release|x64
		{09975378-01D9-3288-93A1-921A00CA2B6A}.Release|x64.Build.0 = Release|x64
		{09975378-01D9-3288-93A1-921A00CA2B6A}.MinSizeRel|x64.ActiveCfg = MinSizeRel|x64
		{09975378-01D9-3288-93A1-921A00CA2B6A}.MinSizeRel|x64.Build.0 = MinSizeRel|x64
		{09975378-01D9-3288-93A1-921A00CA2B6A}.RelWithDebInfo|x64.ActiveCfg = RelWithDebInfo|x64
		{09975378-01D9-3288-93A1-921A00CA2B6A}.RelWithDebInfo|x64.Build.0 = RelWithDebInfo|x64
		{D4A3055B-1E9B-38F1-8FA0-888355782AD7}.Debug|x64.ActiveCfg = Debug|x64
		{D4A3055B-1E9B-38F1-8FA0-888355782AD7}.Debug|x64.Build.0 = Debug|x64
		{D4A3055B-1E9B-38F1-8FA0-888355782AD7}.Release|x64.ActiveCfg = Release|x64
		{D4A3055B-1E9B-38F1-8FA0-888355782AD7}.Release|x64.Build.0 = Release|x64
		{D4A3055B-1E9B-38F1-8FA0-888355782AD7}.MinSizeRel|x64.ActiveCfg = MinSizeRel|x64
		{D4A3055B-1E9B-38F1-8FA0-888355782AD7}.MinSizeRel|x64.Build.0 = MinSizeRel|x64
		{D4A3055B-1E9B-38F1-8FA0-888355782AD7}.RelWithDebInfo|x64.ActiveCfg = RelWithDebInfo|x64
		{D4A3055B-1E9B-38F1-8FA0-888355782AD7}.RelWithDebInfo|x64.Build.0 = RelWithDebInfo|x64
		{9509757D-6184-3E6D-A896-D30A48F7ED8F}.Debug|x64.ActiveCfg = Debug|x64
		{9509757D-6184-3E6D-A896-D30A48F7ED8F}.Debug|x64.Build.0 = Debug|x64
		{9509757D-6184-3E6D-A896-D30A48F7ED8F}.Release|x64.ActiveCfg = Release|x64
		{9509757D-6184-3E6D-A896-D30A48F7ED8F}.Release|x64.Build.0 = Release|x64
		{9509757D-6184-3E6D-A896-D30A48F7ED8F}.MinSizeRel|x64.ActiveCfg = MinSizeRel|x64
		{9509757D-6184-3E6D-A896-D30A48F7ED8F}.MinSizeRel|x64.Build.0 = MinSizeRel|x64
		{9509757D-6184-3E6D-A896-D30A48F7ED8F}.RelWithDebInfo|x64.ActiveCfg = RelWithDebInfo|x64
		{9509757D-6184-3E6D-A896-D30A48F7ED8F}.RelWithDebInfo|x64.Build.0 = RelWithDebInfo|x64
		{52C9C28F-DBF3-3FD1-822E-8B57AE36F7C3}.Debug|x64.ActiveCfg = Debug|x64
		{52C9C28F-DBF3-3FD1-822E-8B57AE36F7C3}.Debug|x64.Build.0 = Debug|x64
		{52C9C28F-DBF3-3FD1-822E-8B57AE36F7C3}.Release|x64.ActiveCfg = Release|x64
		{52C9C28F-DBF3-3FD1-822E-8B57AE36F7C3}.Release|x64.Build.0 = Release|x64
		{52C9C28F-DBF3-3FD1-822E-8B57AE36F7C3}.MinSizeRel|x64.ActiveCfg = MinSizeRel|x64
		{52C9C28F-DBF3-3FD1-822E-8B57AE36F7C3}.MinSizeRel|x64.Build.0 = MinSizeRel|x64
		{52C9C28F-DBF3-3FD1-822E-8B57AE36F7C3}.RelWithDebInfo|x64.ActiveCfg = RelWithDebInfo|x64
		{52C9C28F-DBF3-3FD1-822E-8B57AE36F7C3}.RelWithDebInfo|x64.Build.0 = RelWithDebInfo|x64
		{94F5D148-D995-3A74-B31F-C33D29868AA3}.Debug|x64.ActiveCfg = Debug|x64
		{94F5D148-D995-3A74-B31F-C33D29868AA3}.Debug|x64.Build.0 = Debug|x64
		{94F5D148-D995-3A74-B31F-C33D29868AA3}.Release|x64.ActiveCfg = Release|x64
		{94F5D148-D995-3A74-B31F-C33D29868AA3}.Release|x64.Build.0 = Release|x64
		{94F5D148-D995-3A74-B31F-C33D29868AA3}.MinSizeRel|x64.ActiveCfg = MinSizeRel|x64
		{94F5D148-D995-3A74-B31F-C33D29868AA3}.MinSizeRel|x64.Build.0 = MinSizeRel|x64
		{94F5D148-D995-3A74-B31F-C33D29868AA3}.RelWithDebInfo|x64.ActiveCfg = RelWithDebInfo|x64
		{94F5D148-D995-3A74-B31F-C33D29868AA3}.RelWithDebInfo|x64.Build.0 = RelWithDebInfo|x64
		{265F2886-9D8B-30F2-88F8-22FEB3FA482A}.Debug|x64.ActiveCfg = Debug|x64
		{265F2886-9D8B-30F2-88F8-22FEB3FA482A}.Debug|x64.Build.0 = Debug|x64
		{265F2886-9D8B-30F2-88F8-22FEB3FA482A}.Release|x64.ActiveCfg = Release|x64
		{265F2886-9D8B-30F2-88F8-22FEB3FA482A}.Release|x64.Build.0 = Release|x64
		{265F2886-9D8B-30F2-88F8-22FEB3FA482A}.MinSizeRel|x64.ActiveCfg = MinSizeRel|x64
		{265F2886-9D8B-30F2-88F8-22FEB3FA482A}.MinSizeRel|x64.Build.0 = MinSizeRel|x64
		{265F2886-9D8B-30F2-88F8-22FEB3FA482A}.RelWithDebInfo|x64.ActiveCfg = RelWithDebInfo|x64
		{265F2886-9D8B-30F2-88F8-22FEB3FA482A}.RelWithDebInfo|x64.Build.0 = RelWithDebInfo|x64
		{E87E4A77-B44C-3190-8230-85DB8B4502A9}.Debug|x64.ActiveCfg = Debug|x64
		{E87E4A77-B44C-3190-8230-85DB8B4502A9}.Debug|x64.Build.0 = Debug|x64
		{E87E4A77-B44C-3190-8230-85DB8B4502A9}.Release|x64.ActiveCfg = Release|x64
		{E87E4A77-B44C-3190-8230-85DB8B4502A9}.Release|x64.Build.0 = Release|x64
		{E87E4A77-B44C-3190-8230-85DB8B4502A9}.MinSizeRel|x64.ActiveCfg = MinSizeRel|x64
		{E87E4A77-B44C-3190-8230-85DB8B4502A9}.MinSizeRel|x64.Build.0 = MinSizeRel|x64
		{E87E4A77-B44C-3190-8230-85DB8B4502A9}.RelWithDebInfo|x64.ActiveCfg = RelWithDebInfo|x64
		{E87E4A77-B44C-3190-8230-85DB8B4502A9}.RelWithDebInfo|x64.Build.0 = RelWithDebInfo|x64
		{07D0FDAE-142C-3D80-94F6-B118C7883ADA}.Debug|x64.ActiveCfg = Debug|x64
		{07D0FDAE-142C-3D80-94F6-B118C7883ADA}.Release|x64.ActiveCfg = Release|x64
		{07D0FDAE-142C-3D80-94F6-B118C7883ADA}.MinSizeRel|x64.ActiveCfg = MinSizeRel|x64
		{07D0FDAE-142C-3D80-94F6-B118C7883ADA}.RelWithDebInfo|x64.ActiveCfg = RelWithDebInfo|x64
		{999CA195-8018-37E0-962E-3A56DF960FE0}.Debug|x64.ActiveCfg = Debug|x64
		{999CA195-8018-37E0-962E-3A56DF960FE0}.Debug|x64.Build.0 = Debug|x64
		{999CA195-8018-37E0-962E-3A56DF960FE0}.Release|x64.ActiveCfg = Release|x64
		{999CA195-8018-37E0-962E-3A56DF960FE0}.Release|x64.Build.0 = Release|x64
		{999CA195-8018-37E0-962E-3A56DF960FE0}.MinSizeRel|x64.ActiveCfg = MinSizeRel|x64
		{999CA195-8018-37E0-962E-3A56DF960FE0}.MinSizeRel|x64.Build.0 = MinSizeRel|x64
		{999CA195-8018-37E0-962E-3A56DF960FE0}.RelWithDebInfo|x64.ActiveCfg = RelWithDebInfo|x64
		{999CA195-8018-37E0-962E-3A56DF960FE0}.RelWithDebInfo|x64.Build.0 = RelWithDebInfo|x64
		{014E3808-397B-3192-809E-D5437B781EA1}.Debug|x64.ActiveCfg = Debug|x64
		{014E3808-397B-3192-809E-D5437B781EA1}.Debug|x64.Build.0 = Debug|x64
		{014E3808-397B-3192-809E-D5437B781EA1}.Release|x64.ActiveCfg = Release|x64
		{014E3808-397B-3192-809E-D5437B781EA1}.Release|x64.Build.0 = Release|x64
		{014E3808-397B-3192-809E-D5437B781EA1}.MinSizeRel|x64.ActiveCfg = MinSizeRel|x64
		{014E3808-397B-3192-809E-D5437B781EA1}.MinSizeRel|x64.Build.0 = MinSizeRel|x64
		{014E3808-397B-3192-809E-D5437B781EA1}.RelWithDebInfo|x64.ActiveCfg = RelWithDebInfo|x64
		{014E3808-397B-3192-809E-D5437B781EA1}.RelWithDebInfo|x64.Build.0 = RelWithDebInfo|x64
		{C6BB63B1-B811-3E37-A51A-F9025E6E780D}.Debug|x64.ActiveCfg = Debug|x64
		{C6BB63B1-B811-3E37-A51A-F9025E6E780D}.Release|x64.ActiveCfg = Release|x64
		{C6BB63B1-B811-3E37-A51A-F9025E6E780D}.MinSizeRel|x64.ActiveCfg = MinSizeRel|x64
		{C6BB63B1-B811-3E37-A51A-F9025E6E780D}.RelWithDebInfo|x64.ActiveCfg = RelWithDebInfo|x64
		{83E205D0-DD7A-37E8-9BC1-0B486360D56A}.Debug|x64.ActiveCfg = Debug|x64
		{83E205D0-DD7A-37E8-9BC1-0B486360D56A}.Debug|x64.Build.0 = Debug|x64
		{83E205D0-DD7A-37E8-9BC1-0B486360D56A}.Release|x64.ActiveCfg = Release|x64
		{83E205D0-DD7A-37E8-9BC1-0B486360D56A}.Release|x64.Build.0 = Release|x64
		{83E205D0-DD7A-37E8-9BC1-0B486360D56A}.MinSizeRel|x64.ActiveCfg = MinSizeRel|x64
		{83E205D0-DD7A-37E8-9BC1-0B486360D56A}.MinSizeRel|x64.Build.0 = MinSizeRel|x64
		{83E205D0-DD7A-37E8-9BC1-0B486360D56A}.RelWithDebInfo|x64.ActiveCfg = RelWithDebInfo|x64
		{83E205D0-DD7A-37E8-9BC1-0B486360D56A}.RelWithDebInfo|x64.Build.0 = RelWithDebInfo|x64
		{50F86D64-723A-3573-815D-6BE7770E36BB}.Debug|x64.ActiveCfg = Debug|x64
		{50F86D64-723A-3573-815D-6BE7770E36BB}.Debug|x64.Build.0 = Debug|x64
		{50F86D64-723A-3573-815D-6BE7770E36BB}.Release|x64.ActiveCfg = Release|x64
		{50F86D64-723A-3573-815D-6BE7770E36BB}.Release|x64.Build.0 = Release|x64
		{50F86D64-723A-3573-815D-6BE7770E36BB}.MinSizeRel|x64.ActiveCfg = MinSizeRel|x64
		{50F86D64-723A-3573-815D-6BE7770E36BB}.MinSizeRel|x64.Build.0 = MinSizeRel|x64
		{50F86D64-723A-3573-815D-6BE7770E36BB}.RelWithDebInfo|x64.ActiveCfg = RelWithDebInfo|x64
		{50F86D64-723A-3573-815D-6BE7770E36BB}.RelWithDebInfo|x64.Build.0 = RelWithDebInfo|x64
		{F1EA1B2B-8D46-3DAF-AE25-C4308D6107E6}.Debug|x64.ActiveCfg = Debug|x64
		{F1EA1B2B-8D46-3DAF-AE25-C4308D6107E6}.Debug|x64.Build.0 = Debug|x64
		{F1EA1B2B-8D46-3DAF-AE25-C4308D6107E6}.Release|x64.ActiveCfg = Release|x64
		{F1EA1B2B-8D46-3DAF-AE25-C4308D6107E6}.Release|x64.Build.0 = Release|x64
		{F1EA1B2B-8D46-3DAF-AE25-C4308D6107E6}.MinSizeRel|x64.ActiveCfg = MinSizeRel|x64
		{F1EA1B2B-8D46-3DAF-AE25-C4308D6107E6}.MinSizeRel|x64.Build.0 = MinSizeRel|x64
		{F1EA1B2B-8D46-3DAF-AE25-C4308D6107E6}.RelWithDebInfo|x64.ActiveCfg = RelWithDebInfo|x64
		{F1EA1B2B-8D46-3DAF-AE25-C4308D6107E6}.RelWithDebInfo|x64.Build.0 = RelWithDebInfo|x64
		{6F3CE102-2297-3C00-8141-F4B7BC42738F}.Debug|x64.ActiveCfg = Debug|x64
		{6F3CE102-2297-3C00-8141-F4B7BC42738F}.Debug|x64.Build.0 = Debug|x64
		{6F3CE102-2297-3C00-8141-F4B7BC42738F}.Release|x64.ActiveCfg = Release|x64
		{6F3CE102-2297-3C00-8141-F4B7BC42738F}.Release|x64.Build.0 = Release|x64
		{6F3CE102-2297-3C00-8141-F4B7BC42738F}.MinSizeRel|x64.ActiveCfg = MinSizeRel|x64
		{6F3CE102-2297-3C00-8141-F4B7BC42738F}.MinSizeRel|x64.Build.0 = MinSizeRel|x64
		{6F3CE102-2297-3C00-8141-F4B7BC42738F}.RelWithDebInfo|x64.ActiveCfg = RelWithDebInfo|x64
		{6F3CE102-2297-3C00-8141-F4B7BC42738F}.RelWithDebInfo|x64.Build.0 = RelWithDebInfo|x64
		{F14821E8-B211-3A1D-B44D-EF801F68BF4A}.Debug|x64.ActiveCfg = Debug|x64
		{F14821E8-B211-3A1D-B44D-EF801F68BF4A}.Debug|x64.Build.0 = Debug|x64
		{F14821E8-B211-3A1D-B44D-EF801F68BF4A}.Release|x64.ActiveCfg = Release|x64
		{F14821E8-B211-3A1D-B44D-EF801F68BF4A}.Release|x64.Build.0 = Release|x64
		{F14821E8-B211-3A1D-B44D-EF801F68BF4A}.MinSizeRel|x64.ActiveCfg = MinSizeRel|x64
		{F14821E8-B211-3A1D-B44D-EF801F68BF4A}.MinSizeRel|x64.Build.0 = MinSizeRel|x64
		{F14821E8-B211-3A1D-B44D-EF801F68BF4A}.RelWithDebInfo|x64.ActiveCfg = RelWithDebInfo|x64
		{F14821E8-B211-3A1D-B44D-EF801F68BF4A}.RelWithDebInfo|x64.Build.0 = RelWithDebInfo|x64
		{259BF2E2-C830-36CF-80E1-1879A2AEBE9F}.Debug|x64.ActiveCfg = Debug|x64
		{259BF2E2-C830-36CF-80E1-1879A2AEBE9F}.Debug|x64.Build.0 = Debug|x64
		{259BF2E2-C830-36CF-80E1-1879A2AEBE9F}.Release|x64.ActiveCfg = Release|x64
		{259BF2E2-C830-36CF-80E1-1879A2AEBE9F}.Release|x64.Build.0 = Release|x64
		{259BF2E2-C830-36CF-80E1-1879A2AEBE9F}.MinSizeRel|x64.ActiveCfg = MinSizeRel|x64
		{259BF2E2-C830-36CF-80E1-1879A2AEBE9F}.MinSizeRel|x64.Build.0 = MinSizeRel|x64
		{259BF2E2-C830-36CF-80E1-1879A2AEBE9F}.RelWithDebInfo|x64.ActiveCfg = RelWithDebInfo|x64
		{259BF2E2-C830-36CF-80E1-1879A2AEBE9F}.RelWithDebInfo|x64.Build.0 = RelWithDebInfo|x64
		{D5594335-2684-39A7-83C8-C728DB099FC8}.Debug|x64.ActiveCfg = Debug|x64
		{D5594335-2684-39A7-83C8-C728DB099FC8}.Debug|x64.Build.0 = Debug|x64
		{D5594335-2684-39A7-83C8-C728DB099FC8}.Release|x64.ActiveCfg = Release|x64
		{D5594335-2684-39A7-83C8-C728DB099FC8}.Release|x64.Build.0 = Release|x64
		{D5594335-2684-39A7-83C8-C728DB099FC8}.MinSizeRel|x64.ActiveCfg = MinSizeRel|x64
		{D5594335-2684-39A7-83C8-C728DB099FC8}.MinSizeRel|x64.Build.0 = MinSizeRel|x64
		{D5594335-2684-39A7-83C8-C728DB099FC8}.RelWithDebInfo|x64.ActiveCfg = RelWithDebInfo|x64
		{D5594335-2684-39A7-83C8-C728DB099FC8}.RelWithDebInfo|x64.Build.0 = RelWithDebInfo|x64
		{3726ABCA-B41F-3308-9A72-CA049CD4F314}.Debug|x64.ActiveCfg = Debug|x64
		{3726ABCA-B41F-3308-9A72-CA049CD4F314}.Debug|x64.Build.0 = Debug|x64
		{3726ABCA-B41F-3308-9A72-CA049CD4F314}.Release|x64.ActiveCfg = Release|x64
		{3726ABCA-B41F-3308-9A72-CA049CD4F314}.Release|x64.Build.0 = Release|x64
		{3726ABCA-B41F-3308-9A72-CA049CD4F314}.MinSizeRel|x64.ActiveCfg = MinSizeRel|x64
		{3726ABCA-B41F-3308-9A72-CA049CD4F314}.MinSizeRel|x64.Build.0 = MinSizeRel|x64
		{3726ABCA-B41F-3308-9A72-CA049CD4F314}.RelWithDebInfo|x64.ActiveCfg = RelWithDebInfo|x64
		{3726ABCA-B41F-3308-9A72-CA049CD4F314}.RelWithDebInfo|x64.Build.0 = RelWithDebInfo|x64
		{9CDF3D05-45FF-3E7A-8B1D-17F0D97993F1}.Debug|x64.ActiveCfg = Debug|x64
		{9CDF3D05-45FF-3E7A-8B1D-17F0D97993F1}.Debug|x64.Build.0 = Debug|x64
		{9CDF3D05-45FF-3E7A-8B1D-17F0D97993F1}.Release|x64.ActiveCfg = Release|x64
		{9CDF3D05-45FF-3E7A-8B1D-17F0D97993F1}.Release|x64.Build.0 = Release|x64
		{9CDF3D05-45FF-3E7A-8B1D-17F0D97993F1}.MinSizeRel|x64.ActiveCfg = MinSizeRel|x64
		{9CDF3D05-45FF-3E7A-8B1D-17F0D97993F1}.MinSizeRel|x64.Build.0 = MinSizeRel|x64
		{9CDF3D05-45FF-3E7A-8B1D-17F0D97993F1}.RelWithDebInfo|x64.ActiveCfg = RelWithDebInfo|x64
		{9CDF3D05-45FF-3E7A-8B1D-17F0D97993F1}.RelWithDebInfo|x64.Build.0 = RelWithDebInfo|x64
		{5C043A80-8CDB-3DB1-B832-0810888EFDBC}.Debug|x64.ActiveCfg = Debug|x64
		{5C043A80-8CDB-3DB1-B832-0810888EFDBC}.Debug|x64.Build.0 = Debug|x64
		{5C043A80-8CDB-3DB1-B832-0810888EFDBC}.Release|x64.ActiveCfg = Release|x64
		{5C043A80-8CDB-3DB1-B832-0810888EFDBC}.Release|x64.Build.0 = Release|x64
		{5C043A80-8CDB-3DB1-B832-0810888EFDBC}.MinSizeRel|x64.ActiveCfg = MinSizeRel|x64
		{5C043A80-8CDB-3DB1-B832-0810888EFDBC}.MinSizeRel|x64.Build.0 = MinSizeRel|x64
		{5C043A80-8CDB-3DB1-B832-0810888EFDBC}.RelWithDebInfo|x64.ActiveCfg = RelWithDebInfo|x64
		{5C043A80-8CDB-3DB1-B832-0810888EFDBC}.RelWithDebInfo|x64.Build.0 = RelWithDebInfo|x64
		{E0C684E0-F281-3BF5-B141-B9B0F27FF5B8}.Debug|x64.ActiveCfg = Debug|x64
		{E0C684E0-F281-3BF5-B141-B9B0F27FF5B8}.Debug|x64.Build.0 = Debug|x64
		{E0C684E0-F281-3BF5-B141-B9B0F27FF5B8}.Release|x64.ActiveCfg = Release|x64
		{E0C684E0-F281-3BF5-B141-B9B0F27FF5B8}.Release|x64.Build.0 = Release|x64
		{E0C684E0-F281-3BF5-B141-B9B0F27FF5B8}.MinSizeRel|x64.ActiveCfg = MinSizeRel|x64
		{E0C684E0-F281-3BF5-B141-B9B0F27FF5B8}.MinSizeRel|x64.Build.0 = MinSizeRel|x64
		{E0C684E0-F281-3BF5-B141-B9B0F27FF5B8}.RelWithDebInfo|x64.ActiveCfg = RelWithDebInfo|x64
		{E0C684E0-F281-3BF5-B141-B9B0F27FF5B8}.RelWithDebInfo|x64.Build.0 = RelWithDebInfo|x64
		{B6386631-1D0A-3E57-9BF4-29F2944AE3D4}.Debug|x64.ActiveCfg = Debug|x64
		{B6386631-1D0A-3E57-9BF4-29F2944AE3D4}.Debug|x64.Build.0 = Debug|x64
		{B6386631-1D0A-3E57-9BF4-29F2944AE3D4}.Release|x64.ActiveCfg = Release|x64
		{B6386631-1D0A-3E57-9BF4-29F2944AE3D4}.Release|x64.Build.0 = Release|x64
		{B6386631-1D0A-3E57-9BF4-29F2944AE3D4}.MinSizeRel|x64.ActiveCfg = MinSizeRel|x64
		{B6386631-1D0A-3E57-9BF4-29F2944AE3D4}.MinSizeRel|x64.Build.0 = MinSizeRel|x64
		{B6386631-1D0A-3E57-9BF4-29F2944AE3D4}.RelWithDebInfo|x64.ActiveCfg = RelWithDebInfo|x64
		{B6386631-1D0A-3E57-9BF4-29F2944AE3D4}.RelWithDebInfo|x64.Build.0 = RelWithDebInfo|x64
		{045BFBDF-4428-39B8-A2B9-07CA4CB69AFA}.Debug|x64.ActiveCfg = Debug|x64
		{045BFBDF-4428-39B8-A2B9-07CA4CB69AFA}.Debug|x64.Build.0 = Debug|x64
		{045BFBDF-4428-39B8-A2B9-07CA4CB69AFA}.Release|x64.ActiveCfg = Release|x64
		{045BFBDF-4428-39B8-A2B9-07CA4CB69AFA}.Release|x64.Build.0 = Release|x64
		{045BFBDF-4428-39B8-A2B9-07CA4CB69AFA}.MinSizeRel|x64.ActiveCfg = MinSizeRel|x64
		{045BFBDF-4428-39B8-A2B9-07CA4CB69AFA}.MinSizeRel|x64.Build.0 = MinSizeRel|x64
		{045BFBDF-4428-39B8-A2B9-07CA4CB69AFA}.RelWithDebInfo|x64.ActiveCfg = RelWithDebInfo|x64
		{045BFBDF-4428-39B8-A2B9-07CA4CB69AFA}.RelWithDebInfo|x64.Build.0 = RelWithDebInfo|x64
		{A8A0C520-0F61-35FD-ABB7-D77BC2F28AE6}.Debug|x64.ActiveCfg = Debug|x64
		{A8A0C520-0F61-35FD-ABB7-D77BC2F28AE6}.Debug|x64.Build.0 = Debug|x64
		{A8A0C520-0F61-35FD-ABB7-D77BC2F28AE6}.Release|x64.ActiveCfg = Release|x64
		{A8A0C520-0F61-35FD-ABB7-D77BC2F28AE6}.Release|x64.Build.0 = Release|x64
		{A8A0C520-0F61-35FD-ABB7-D77BC2F28AE6}.MinSizeRel|x64.ActiveCfg = MinSizeRel|x64
		{A8A0C520-0F61-35FD-ABB7-D77BC2F28AE6}.MinSizeRel|x64.Build.0 = MinSizeRel|x64
		{A8A0C520-0F61-35FD-ABB7-D77BC2F28AE6}.RelWithDebInfo|x64.ActiveCfg = RelWithDebInfo|x64
		{A8A0C520-0F61-35FD-ABB7-D77BC2F28AE6}.RelWithDebInfo|x64.Build.0 = RelWithDebInfo|x64
		{395991E1-7C65-3E6A-A5A8-6876C29CBAD9}.Debug|x64.ActiveCfg = Debug|x64
		{395991E1-7C65-3E6A-A5A8-6876C29CBAD9}.Debug|x64.Build.0 = Debug|x64
		{395991E1-7C65-3E6A-A5A8-6876C29CBAD9}.Release|x64.ActiveCfg = Release|x64
		{395991E1-7C65-3E6A-A5A8-6876C29CBAD9}.Release|x64.Build.0 = Release|x64
		{395991E1-7C65-3E6A-A5A8-6876C29CBAD9}.MinSizeRel|x64.ActiveCfg = MinSizeRel|x64
		{395991E1-7C65-3E6A-A5A8-6876C29CBAD9}.MinSizeRel|x64.Build.0 = MinSizeRel|x64
		{395991E1-7C65-3E6A-A5A8-6876C29CBAD9}.RelWithDebInfo|x64.ActiveCfg = RelWithDebInfo|x64
		{395991E1-7C65-3E6A-A5A8-6876C29CBAD9}.RelWithDebInfo|x64.Build.0 = RelWithDebInfo|x64
		{9A591636-FC06-3749-86B8-F326A4DFAF88}.Debug|x64.ActiveCfg = Debug|x64
		{9A591636-FC06-3749-86B8-F326A4DFAF88}.Debug|x64.Build.0 = Debug|x64
		{9A591636-FC06-3749-86B8-F326A4DFAF88}.Release|x64.ActiveCfg = Release|x64
		{9A591636-FC06-3749-86B8-F326A4DFAF88}.Release|x64.Build.0 = Release|x64
		{9A591636-FC06-3749-86B8-F326A4DFAF88}.MinSizeRel|x64.ActiveCfg = MinSizeRel|x64
		{9A591636-FC06-3749-86B8-F326A4DFAF88}.MinSizeRel|x64.Build.0 = MinSizeRel|x64
		{9A591636-FC06-3749-86B8-F326A4DFAF88}.RelWithDebInfo|x64.ActiveCfg = RelWithDebInfo|x64
		{9A591636-FC06-3749-86B8-F326A4DFAF88}.RelWithDebInfo|x64.Build.0 = RelWithDebInfo|x64
		{041B280A-5684-3BE9-9D03-3C9066208540}.Debug|x64.ActiveCfg = Debug|x64
		{041B280A-5684-3BE9-9D03-3C9066208540}.Debug|x64.Build.0 = Debug|x64
		{041B280A-5684-3BE9-9D03-3C9066208540}.Release|x64.ActiveCfg = Release|x64
		{041B280A-5684-3BE9-9D03-3C9066208540}.Release|x64.Build.0 = Release|x64
		{041B280A-5684-3BE9-9D03-3C9066208540}.MinSizeRel|x64.ActiveCfg = MinSizeRel|x64
		{041B280A-5684-3BE9-9D03-3C9066208540}.MinSizeRel|x64.Build.0 = MinSizeRel|x64
		{041B280A-5684-3BE9-9D03-3C9066208540}.RelWithDebInfo|x64.ActiveCfg = RelWithDebInfo|x64
		{041B280A-5684-3BE9-9D03-3C9066208540}.RelWithDebInfo|x64.Build.0 = RelWithDebInfo|x64
		{765F1404-FB86-33B0-9768-5B7C28DD8DDA}.Debug|x64.ActiveCfg = Debug|x64
		{765F1404-FB86-33B0-9768-5B7C28DD8DDA}.Debug|x64.Build.0 = Debug|x64
		{765F1404-FB86-33B0-9768-5B7C28DD8DDA}.Release|x64.ActiveCfg = Release|x64
		{765F1404-FB86-33B0-9768-5B7C28DD8DDA}.Release|x64.Build.0 = Release|x64
		{765F1404-FB86-33B0-9768-5B7C28DD8DDA}.MinSizeRel|x64.ActiveCfg = MinSizeRel|x64
		{765F1404-FB86-33B0-9768-5B7C28DD8DDA}.MinSizeRel|x64.Build.0 = MinSizeRel|x64
		{765F1404-FB86-33B0-9768-5B7C28DD8DDA}.RelWithDebInfo|x64.ActiveCfg = RelWithDebInfo|x64
		{765F1404-FB86-33B0-9768-5B7C28DD8DDA}.RelWithDebInfo|x64.Build.0 = RelWithDebInfo|x64
		{C26B0077-84FA-3AD3-A332-86BFB551F374}.Debug|x64.ActiveCfg = Debug|x64
		{C26B0077-84FA-3AD3-A332-86BFB551F374}.Debug|x64.Build.0 = Debug|x64
		{C26B0077-84FA-3AD3-A332-86BFB551F374}.Release|x64.ActiveCfg = Release|x64
		{C26B0077-84FA-3AD3-A332-86BFB551F374}.Release|x64.Build.0 = Release|x64
		{C26B0077-84FA-3AD3-A332-86BFB551F374}.MinSizeRel|x64.ActiveCfg = MinSizeRel|x64
		{C26B0077-84FA-3AD3-A332-86BFB551F374}.MinSizeRel|x64.Build.0 = MinSizeRel|x64
		{C26B0077-84FA-3AD3-A332-86BFB551F374}.RelWithDebInfo|x64.ActiveCfg = RelWithDebInfo|x64
		{C26B0077-84FA-3AD3-A332-86BFB551F374}.RelWithDebInfo|x64.Build.0 = RelWithDebInfo|x64
		{1436EB8F-F08D-3C6B-B701-7E0CB00243A1}.Debug|x64.ActiveCfg = Debug|x64
		{1436EB8F-F08D-3C6B-B701-7E0CB00243A1}.Debug|x64.Build.0 = Debug|x64
		{1436EB8F-F08D-3C6B-B701-7E0CB00243A1}.Release|x64.ActiveCfg = Release|x64
		{1436EB8F-F08D-3C6B-B701-7E0CB00243A1}.Release|x64.Build.0 = Release|x64
		{1436EB8F-F08D-3C6B-B701-7E0CB00243A1}.MinSizeRel|x64.ActiveCfg = MinSizeRel|x64
		{1436EB8F-F08D-3C6B-B701-7E0CB00243A1}.MinSizeRel|x64.Build.0 = MinSizeRel|x64
		{1436EB8F-F08D-3C6B-B701-7E0CB00243A1}.RelWithDebInfo|x64.ActiveCfg = RelWithDebInfo|x64
		{1436EB8F-F08D-3C6B-B701-7E0CB00243A1}.RelWithDebInfo|x64.Build.0 = RelWithDebInfo|x64
		{CBCF3367-69BD-3D84-BF51-0F419404D561}.Debug|x64.ActiveCfg = Debug|x64
		{CBCF3367-69BD-3D84-BF51-0F419404D561}.Debug|x64.Build.0 = Debug|x64
		{CBCF3367-69BD-3D84-BF51-0F419404D561}.Release|x64.ActiveCfg = Release|x64
		{CBCF3367-69BD-3D84-BF51-0F419404D561}.Release|x64.Build.0 = Release|x64
		{CBCF3367-69BD-3D84-BF51-0F419404D561}.MinSizeRel|x64.ActiveCfg = MinSizeRel|x64
		{CBCF3367-69BD-3D84-BF51-0F419404D561}.MinSizeRel|x64.Build.0 = MinSizeRel|x64
		{CBCF3367-69BD-3D84-BF51-0F419404D561}.RelWithDebInfo|x64.ActiveCfg = RelWithDebInfo|x64
		{CBCF3367-69BD-3D84-BF51-0F419404D561}.RelWithDebInfo|x64.Build.0 = RelWithDebInfo|x64
		{F9E5F0D3-48D0-30E5-B209-F1F95FECBCD7}.Debug|x64.ActiveCfg = Debug|x64
		{F9E5F0D3-48D0-30E5-B209-F1F95FECBCD7}.Debug|x64.Build.0 = Debug|x64
		{F9E5F0D3-48D0-30E5-B209-F1F95FECBCD7}.Release|x64.ActiveCfg = Release|x64
		{F9E5F0D3-48D0-30E5-B209-F1F95FECBCD7}.Release|x64.Build.0 = Release|x64
		{F9E5F0D3-48D0-30E5-B209-F1F95FECBCD7}.MinSizeRel|x64.ActiveCfg = MinSizeRel|x64
		{F9E5F0D3-48D0-30E5-B209-F1F95FECBCD7}.MinSizeRel|x64.Build.0 = MinSizeRel|x64
		{F9E5F0D3-48D0-30E5-B209-F1F95FECBCD7}.RelWithDebInfo|x64.ActiveCfg = RelWithDebInfo|x64
		{F9E5F0D3-48D0-30E5-B209-F1F95FECBCD7}.RelWithDebInfo|x64.Build.0 = RelWithDebInfo|x64
		{EAE8CA7E-9C0C-33BD-A81B-9A40401985B0}.Debug|x64.ActiveCfg = Debug|x64
		{EAE8CA7E-9C0C-33BD-A81B-9A40401985B0}.Debug|x64.Build.0 = Debug|x64
		{EAE8CA7E-9C0C-33BD-A81B-9A40401985B0}.Release|x64.ActiveCfg = Release|x64
		{EAE8CA7E-9C0C-33BD-A81B-9A40401985B0}.Release|x64.Build.0 = Release|x64
		{EAE8CA7E-9C0C-33BD-A81B-9A40401985B0}.MinSizeRel|x64.ActiveCfg = MinSizeRel|x64
		{EAE8CA7E-9C0C-33BD-A81B-9A40401985B0}.MinSizeRel|x64.Build.0 = MinSizeRel|x64
		{EAE8CA7E-9C0C-33BD-A81B-9A40401985B0}.RelWithDebInfo|x64.ActiveCfg = RelWithDebInfo|x64
		{EAE8CA7E-9C0C-33BD-A81B-9A40401985B0}.RelWithDebInfo|x64.Build.0 = RelWithDebInfo|x64
		{9FB07143-A854-3B03-BBD7-B06B3F5374F2}.Debug|x64.ActiveCfg = Debug|x64
		{9FB07143-A854-3B03-BBD7-B06B3F5374F2}.Debug|x64.Build.0 = Debug|x64
		{9FB07143-A854-3B03-BBD7-B06B3F5374F2}.Release|x64.ActiveCfg = Release|x64
		{9FB07143-A854-3B03-BBD7-B06B3F5374F2}.Release|x64.Build.0 = Release|x64
		{9FB07143-A854-3B03-BBD7-B06B3F5374F2}.MinSizeRel|x64.ActiveCfg = MinSizeRel|x64
		{9FB07143-A854-3B03-BBD7-B06B3F5374F2}.MinSizeRel|x64.Build.0 = MinSizeRel|x64
		{9FB07143-A854-3B03-BBD7-B06B3F5374F2}.RelWithDebInfo|x64.ActiveCfg = RelWithDebInfo|x64
		{9FB07143-A854-3B03-BBD7-B06B3F5374F2}.RelWithDebInfo|x64.Build.0 = RelWithDebInfo|x64
		{FEBB05EC-7C03-3592-BE78-67E1BEED1ACF}.Debug|x64.ActiveCfg = Debug|x64
		{FEBB05EC-7C03-3592-BE78-67E1BEED1ACF}.Debug|x64.Build.0 = Debug|x64
		{FEBB05EC-7C03-3592-BE78-67E1BEED1ACF}.Release|x64.ActiveCfg = Release|x64
		{FEBB05EC-7C03-3592-BE78-67E1BEED1ACF}.Release|x64.Build.0 = Release|x64
		{FEBB05EC-7C03-3592-BE78-67E1BEED1ACF}.MinSizeRel|x64.ActiveCfg = MinSizeRel|x64
		{FEBB05EC-7C03-3592-BE78-67E1BEED1ACF}.MinSizeRel|x64.Build.0 = MinSizeRel|x64
		{FEBB05EC-7C03-3592-BE78-67E1BEED1ACF}.RelWithDebInfo|x64.ActiveCfg = RelWithDebInfo|x64
		{FEBB05EC-7C03-3592-BE78-67E1BEED1ACF}.RelWithDebInfo|x64.Build.0 = RelWithDebInfo|x64
		{0FFA7461-CDFF-3CE2-99E8-0E75A8E15CE1}.Debug|x64.ActiveCfg = Debug|x64
		{0FFA7461-CDFF-3CE2-99E8-0E75A8E15CE1}.Debug|x64.Build.0 = Debug|x64
		{0FFA7461-CDFF-3CE2-99E8-0E75A8E15CE1}.Release|x64.ActiveCfg = Release|x64
		{0FFA7461-CDFF-3CE2-99E8-0E75A8E15CE1}.Release|x64.Build.0 = Release|x64
		{0FFA7461-CDFF-3CE2-99E8-0E75A8E15CE1}.MinSizeRel|x64.ActiveCfg = MinSizeRel|x64
		{0FFA7461-CDFF-3CE2-99E8-0E75A8E15CE1}.MinSizeRel|x64.Build.0 = MinSizeRel|x64
		{0FFA7461-CDFF-3CE2-99E8-0E75A8E15CE1}.RelWithDebInfo|x64.ActiveCfg = RelWithDebInfo|x64
		{0FFA7461-CDFF-3CE2-99E8-0E75A8E15CE1}.RelWithDebInfo|x64.Build.0 = RelWithDebInfo|x64
		{459B0698-E428-3762-99A7-A9BAB6638D1B}.Debug|x64.ActiveCfg = Debug|x64
		{459B0698-E428-3762-99A7-A9BAB6638D1B}.Debug|x64.Build.0 = Debug|x64
		{459B0698-E428-3762-99A7-A9BAB6638D1B}.Release|x64.ActiveCfg = Release|x64
		{459B0698-E428-3762-99A7-A9BAB6638D1B}.Release|x64.Build.0 = Release|x64
		{459B0698-E428-3762-99A7-A9BAB6638D1B}.MinSizeRel|x64.ActiveCfg = MinSizeRel|x64
		{459B0698-E428-3762-99A7-A9BAB6638D1B}.MinSizeRel|x64.Build.0 = MinSizeRel|x64
		{459B0698-E428-3762-99A7-A9BAB6638D1B}.RelWithDebInfo|x64.ActiveCfg = RelWithDebInfo|x64
		{459B0698-E428-3762-99A7-A9BAB6638D1B}.RelWithDebInfo|x64.Build.0 = RelWithDebInfo|x64
		{1D525ED2-FB6A-383C-AE02-C3B09DD3C347}.Debug|x64.ActiveCfg = Debug|x64
		{1D525ED2-FB6A-383C-AE02-C3B09DD3C347}.Debug|x64.Build.0 = Debug|x64
		{1D525ED2-FB6A-383C-AE02-C3B09DD3C347}.Release|x64.ActiveCfg = Release|x64
		{1D525ED2-FB6A-383C-AE02-C3B09DD3C347}.Release|x64.Build.0 = Release|x64
		{1D525ED2-FB6A-383C-AE02-C3B09DD3C347}.MinSizeRel|x64.ActiveCfg = MinSizeRel|x64
		{1D525ED2-FB6A-383C-AE02-C3B09DD3C347}.MinSizeRel|x64.Build.0 = MinSizeRel|x64
		{1D525ED2-FB6A-383C-AE02-C3B09DD3C347}.RelWithDebInfo|x64.ActiveCfg = RelWithDebInfo|x64
		{1D525ED2-FB6A-383C-AE02-C3B09DD3C347}.RelWithDebInfo|x64.Build.0 = RelWithDebInfo|x64
		{5A20C25B-0C72-3493-85A4-69395049811B}.Debug|x64.ActiveCfg = Debug|x64
		{5A20C25B-0C72-3493-85A4-69395049811B}.Debug|x64.Build.0 = Debug|x64
		{5A20C25B-0C72-3493-85A4-69395049811B}.Release|x64.ActiveCfg = Release|x64
		{5A20C25B-0C72-3493-85A4-69395049811B}.Release|x64.Build.0 = Release|x64
		{5A20C25B-0C72-3493-85A4-69395049811B}.MinSizeRel|x64.ActiveCfg = MinSizeRel|x64
		{5A20C25B-0C72-3493-85A4-69395049811B}.MinSizeRel|x64.Build.0 = MinSizeRel|x64
		{5A20C25B-0C72-3493-85A4-69395049811B}.RelWithDebInfo|x64.ActiveCfg = RelWithDebInfo|x64
		{5A20C25B-0C72-3493-85A4-69395049811B}.RelWithDebInfo|x64.Build.0 = RelWithDebInfo|x64
	EndGlobalSection
	GlobalSection(NestedProjects) = preSolution
		{9A4E2483-0A62-319F-93AF-EE510D0FE8D2} = {D811382F-4871-3793-91F9-60E857D3E52A}
		{07D0FDAE-142C-3D80-94F6-B118C7883ADA} = {D811382F-4871-3793-91F9-60E857D3E52A}
		{C6BB63B1-B811-3E37-A51A-F9025E6E780D} = {D811382F-4871-3793-91F9-60E857D3E52A}
		{F14821E8-B211-3A1D-B44D-EF801F68BF4A} = {D811382F-4871-3793-91F9-60E857D3E52A}
		{3D122918-CE0A-3E1D-9DD0-A8B9E7C0C1E0} = {9D98AE7D-7C4C-3867-B198-6E486E0E7C6D}
		{C9878FA3-393F-367A-8706-339B2C00779A} = {9D98AE7D-7C4C-3867-B198-6E486E0E7C6D}
		{E7A1036D-D780-3CFC-81A9-6F1C77AEB47C} = {9D98AE7D-7C4C-3867-B198-6E486E0E7C6D}
		{5BFDBBE6-8370-3DEA-8BE7-2BA370B689F3} = {9D98AE7D-7C4C-3867-B198-6E486E0E7C6D}
		{9509757D-6184-3E6D-A896-D30A48F7ED8F} = {9D98AE7D-7C4C-3867-B198-6E486E0E7C6D}
		{83D9F7DD-BF2B-37BA-BD43-D153080679D7} = {3D122918-CE0A-3E1D-9DD0-A8B9E7C0C1E0}
		{200BF690-54D2-3238-AA08-28665983860F} = {3D122918-CE0A-3E1D-9DD0-A8B9E7C0C1E0}
		{A52CACAE-514B-3B09-A4CB-3DBF88D94DB4} = {3D122918-CE0A-3E1D-9DD0-A8B9E7C0C1E0}
		{4E9268B2-4788-333B-BBBB-07950C559D88} = {3D122918-CE0A-3E1D-9DD0-A8B9E7C0C1E0}
		{4E8B72A6-D727-3B4D-B6B3-391F0C30CC95} = {3D122918-CE0A-3E1D-9DD0-A8B9E7C0C1E0}
		{25D7974F-63BF-3F96-9AED-F727130DCACC} = {3D122918-CE0A-3E1D-9DD0-A8B9E7C0C1E0}
		{0D52D3CA-83D2-3582-B1CF-04CE0D064925} = {3D122918-CE0A-3E1D-9DD0-A8B9E7C0C1E0}
		{58363145-24B9-394F-BD7E-FD74080C5C6B} = {3D122918-CE0A-3E1D-9DD0-A8B9E7C0C1E0}
		{560DEED0-B7BE-3891-92BC-4445E776142C} = {3D122918-CE0A-3E1D-9DD0-A8B9E7C0C1E0}
		{C3482AC4-2FDD-32FA-A5CF-2CB7C0830C39} = {3D122918-CE0A-3E1D-9DD0-A8B9E7C0C1E0}
		{BE33E22A-B08D-3ADC-B079-70329C5785F0} = {3D122918-CE0A-3E1D-9DD0-A8B9E7C0C1E0}
		{94F5D148-D995-3A74-B31F-C33D29868AA3} = {3D122918-CE0A-3E1D-9DD0-A8B9E7C0C1E0}
		{1AD83B78-796E-3940-9105-B75DBB7B587C} = {C9878FA3-393F-367A-8706-339B2C00779A}
		{E87E4A77-B44C-3190-8230-85DB8B4502A9} = {C9878FA3-393F-367A-8706-339B2C00779A}
		{50E13EE5-A35A-39E2-A2DA-C65A312AA80F} = {E7A1036D-D780-3CFC-81A9-6F1C77AEB47C}
		{662BECD3-8A8F-3A0E-90F4-5DEB2DD438E4} = {E7A1036D-D780-3CFC-81A9-6F1C77AEB47C}
		{C7F15F31-C010-35CE-ABD4-5D98AFA054F5} = {E7A1036D-D780-3CFC-81A9-6F1C77AEB47C}
		{896DDD24-177E-325D-ACF6-BB6CB7020711} = {E7A1036D-D780-3CFC-81A9-6F1C77AEB47C}
		{5C043A80-8CDB-3DB1-B832-0810888EFDBC} = {E7A1036D-D780-3CFC-81A9-6F1C77AEB47C}
		{A8A0C520-0F61-35FD-ABB7-D77BC2F28AE6} = {50E13EE5-A35A-39E2-A2DA-C65A312AA80F}
		{395991E1-7C65-3E6A-A5A8-6876C29CBAD9} = {50E13EE5-A35A-39E2-A2DA-C65A312AA80F}
		{FDDFE334-3215-374D-81C7-2D5926803013} = {662BECD3-8A8F-3A0E-90F4-5DEB2DD438E4}
		{71372C30-823F-35F9-8672-A2F6A656041D} = {662BECD3-8A8F-3A0E-90F4-5DEB2DD438E4}
		{D5594335-2684-39A7-83C8-C728DB099FC8} = {662BECD3-8A8F-3A0E-90F4-5DEB2DD438E4}
		{3726ABCA-B41F-3308-9A72-CA049CD4F314} = {662BECD3-8A8F-3A0E-90F4-5DEB2DD438E4}
		{9CDF3D05-45FF-3E7A-8B1D-17F0D97993F1} = {662BECD3-8A8F-3A0E-90F4-5DEB2DD438E4}
		{9A591636-FC06-3749-86B8-F326A4DFAF88} = {FDDFE334-3215-374D-81C7-2D5926803013}
		{041B280A-5684-3BE9-9D03-3C9066208540} = {FDDFE334-3215-374D-81C7-2D5926803013}
		{765F1404-FB86-33B0-9768-5B7C28DD8DDA} = {FDDFE334-3215-374D-81C7-2D5926803013}
		{C26B0077-84FA-3AD3-A332-86BFB551F374} = {FDDFE334-3215-374D-81C7-2D5926803013}
		{1436EB8F-F08D-3C6B-B701-7E0CB00243A1} = {FDDFE334-3215-374D-81C7-2D5926803013}
		{CBCF3367-69BD-3D84-BF51-0F419404D561} = {FDDFE334-3215-374D-81C7-2D5926803013}
		{F9E5F0D3-48D0-30E5-B209-F1F95FECBCD7} = {FDDFE334-3215-374D-81C7-2D5926803013}
		{EAE8CA7E-9C0C-33BD-A81B-9A40401985B0} = {FDDFE334-3215-374D-81C7-2D5926803013}
		{9FB07143-A854-3B03-BBD7-B06B3F5374F2} = {FDDFE334-3215-374D-81C7-2D5926803013}
		{FEBB05EC-7C03-3592-BE78-67E1BEED1ACF} = {FDDFE334-3215-374D-81C7-2D5926803013}
		{0FFA7461-CDFF-3CE2-99E8-0E75A8E15CE1} = {FDDFE334-3215-374D-81C7-2D5926803013}
		{459B0698-E428-3762-99A7-A9BAB6638D1B} = {FDDFE334-3215-374D-81C7-2D5926803013}
		{1D525ED2-FB6A-383C-AE02-C3B09DD3C347} = {FDDFE334-3215-374D-81C7-2D5926803013}
		{50F86D64-723A-3573-815D-6BE7770E36BB} = {71372C30-823F-35F9-8672-A2F6A656041D}
		{F1EA1B2B-8D46-3DAF-AE25-C4308D6107E6} = {71372C30-823F-35F9-8672-A2F6A656041D}
		{4FC26C65-7E80-3706-9777-1DCC52095C54} = {C7F15F31-C010-35CE-ABD4-5D98AFA054F5}
		{83E205D0-DD7A-37E8-9BC1-0B486360D56A} = {4FC26C65-7E80-3706-9777-1DCC52095C54}
		{E0C684E0-F281-3BF5-B141-B9B0F27FF5B8} = {4FC26C65-7E80-3706-9777-1DCC52095C54}
		{5A20C25B-0C72-3493-85A4-69395049811B} = {896DDD24-177E-325D-ACF6-BB6CB7020711}
		{B06E3155-8BDD-3167-A3BC-16AB5E46C1DA} = {9D31764B-EDBF-3A80-9104-1B93F53CED61}
		{52C9C28F-DBF3-3FD1-822E-8B57AE36F7C3} = {9D31764B-EDBF-3A80-9104-1B93F53CED61}
		{6F3CE102-2297-3C00-8141-F4B7BC42738F} = {B06E3155-8BDD-3167-A3BC-16AB5E46C1DA}
		{7C45497F-F23A-3F31-A96C-1AC6C74A4646} = {F7D8E832-A51C-32F5-A739-EE38A946022F}
		{09975378-01D9-3288-93A1-921A00CA2B6A} = {F7D8E832-A51C-32F5-A739-EE38A946022F}
		{D4A3055B-1E9B-38F1-8FA0-888355782AD7} = {F7D8E832-A51C-32F5-A739-EE38A946022F}
		{265F2886-9D8B-30F2-88F8-22FEB3FA482A} = {F7D8E832-A51C-32F5-A739-EE38A946022F}
		{600E2F21-E440-36A5-B6CD-7DD1CF151375} = {7C45497F-F23A-3F31-A96C-1AC6C74A4646}
		{999CA195-8018-37E0-962E-3A56DF960FE0} = {7C45497F-F23A-3F31-A96C-1AC6C74A4646}
		{014E3808-397B-3192-809E-D5437B781EA1} = {7C45497F-F23A-3F31-A96C-1AC6C74A4646}
		{259BF2E2-C830-36CF-80E1-1879A2AEBE9F} = {7C45497F-F23A-3F31-A96C-1AC6C74A4646}
		{B6386631-1D0A-3E57-9BF4-29F2944AE3D4} = {600E2F21-E440-36A5-B6CD-7DD1CF151375}
		{045BFBDF-4428-39B8-A2B9-07CA4CB69AFA} = {600E2F21-E440-36A5-B6CD-7DD1CF151375}
	EndGlobalSection
	GlobalSection(ExtensibilityGlobals) = postSolution
		SolutionGuid = {2678C0F2-C274-3DC1-B0FE-4506FC8D7C38}
	EndGlobalSection
	GlobalSection(ExtensibilityAddIns) = postSolution
	EndGlobalSection
EndGlobal
